// !$*UTF8*$!
{
	archiveVersion = 1;
	classes = {
	};
	objectVersion = 46;
	objects = {

/* Begin PBXBuildFile section */
		A9411B261DAA3DB800B69967 /* AppDelegate.m in Sources */ = {isa = PBXBuildFile; fileRef = A9411B251DAA3DB800B69967 /* AppDelegate.m */; };
		A942CEB51DAB44140049805A /* Foundation+Log.m in Sources */ = {isa = PBXBuildFile; fileRef = A942CEB41DAB44140049805A /* Foundation+Log.m */; };
		A9BBAD601DAA336000BAF4D1 /* main.m in Sources */ = {isa = PBXBuildFile; fileRef = A9BBAD5F1DAA336000BAF4D1 /* main.m */; };
		A9BBAD6B1DAA336000BAF4D1 /* Images.xcassets in Resources */ = {isa = PBXBuildFile; fileRef = A9BBAD6A1DAA336000BAF4D1 /* Images.xcassets */; };
		A9BBAD6E1DAA336000BAF4D1 /* LaunchScreen.storyboard in Resources */ = {isa = PBXBuildFile; fileRef = A9BBAD6C1DAA336000BAF4D1 /* LaunchScreen.storyboard */; };
/* End PBXBuildFile section */

/* Begin PBXFileReference section */
		A9411B241DAA3DB800B69967 /* AppDelegate.h */ = {isa = PBXFileReference; fileEncoding = 4; lastKnownFileType = sourcecode.c.h; path = AppDelegate.h; sourceTree = "<group>"; };
		A9411B251DAA3DB800B69967 /* AppDelegate.m */ = {isa = PBXFileReference; fileEncoding = 4; lastKnownFileType = sourcecode.c.objc; path = AppDelegate.m; sourceTree = "<group>"; };
		A942CEB41DAB44140049805A /* Foundation+Log.m */ = {isa = PBXFileReference; fileEncoding = 4; lastKnownFileType = sourcecode.c.objc; path = "Foundation+Log.m"; sourceTree = "<group>"; };
		A9BBAD5B1DAA336000BAF4D1 /* PlamExam.app */ = {isa = PBXFileReference; explicitFileType = wrapper.application; includeInIndex = 0; path = PlamExam.app; sourceTree = BUILT_PRODUCTS_DIR; };
		A9BBAD5F1DAA336000BAF4D1 /* main.m */ = {isa = PBXFileReference; lastKnownFileType = sourcecode.c.objc; path = main.m; sourceTree = "<group>"; };
		A9BBAD6A1DAA336000BAF4D1 /* Images.xcassets */ = {isa = PBXFileReference; lastKnownFileType = folder.assetcatalog; path = Images.xcassets; sourceTree = "<group>"; };
		A9BBAD6D1DAA336000BAF4D1 /* Base */ = {isa = PBXFileReference; lastKnownFileType = file.storyboard; name = Base; path = Base.lproj/LaunchScreen.storyboard; sourceTree = "<group>"; };
		A9BBAD6F1DAA336000BAF4D1 /* Info.plist */ = {isa = PBXFileReference; lastKnownFileType = text.plist.xml; path = Info.plist; sourceTree = "<group>"; };
/* End PBXFileReference section */

/* Begin PBXFrameworksBuildPhase section */
		A9BBAD581DAA336000BAF4D1 /* Frameworks */ = {
			isa = PBXFrameworksBuildPhase;
			buildActionMask = 2147483647;
			files = (
			);
			runOnlyForDeploymentPostprocessing = 0;
		};
/* End PBXFrameworksBuildPhase section */

/* Begin PBXGroup section */
		A9411B231DAA3DA200B69967 /* Application */ = {
			isa = PBXGroup;
			children = (
				A9411B241DAA3DB800B69967 /* AppDelegate.h */,
				A9411B251DAA3DB800B69967 /* AppDelegate.m */,
			);
			path = Application;
			sourceTree = "<group>";
		};
		A9411B271DAA3E6900B69967 /* Controllers */ = {
			isa = PBXGroup;
			children = (
			);
			path = Controllers;
			sourceTree = "<group>";
		};
		A9411B281DAA3E6E00B69967 /* Models */ = {
			isa = PBXGroup;
			children = (
			);
			name = Models;
			path = Controllers/Models;
			sourceTree = "<group>";
		};
		A9411B291DAA3E7B00B69967 /* Views */ = {
			isa = PBXGroup;
			children = (
			);
			path = Views;
			sourceTree = "<group>";
		};
		A9411B2A1DAA3F8200B69967 /* Categories */ = {
			isa = PBXGroup;
			children = (
			);
			path = Categories;
			sourceTree = "<group>";
		};
		A9411B2B1DAA3F8E00B69967 /* Utils */ = {
			isa = PBXGroup;
			children = (
			);
			path = Utils;
			sourceTree = "<group>";
		};
		A9411B2C1DAA409500B69967 /* Frameworks */ = {
			isa = PBXGroup;
			children = (
			);
			name = Frameworks;
			sourceTree = "<group>";
		};
		A942CEB61DAB76760049805A /* Domains */ = {
			isa = PBXGroup;
			children = (
			);
			name = Domains;
			path = Application/Domains;
			sourceTree = "<group>";
		};
		A9BBAD521DAA336000BAF4D1 = {
			isa = PBXGroup;
			children = (
				A9BBAD5D1DAA336000BAF4D1 /* PlamExam */,
				A9BBAD5C1DAA336000BAF4D1 /* Products */,
				A9411B2C1DAA409500B69967 /* Frameworks */,
			);
			sourceTree = "<group>";
		};
		A9BBAD5C1DAA336000BAF4D1 /* Products */ = {
			isa = PBXGroup;
			children = (
				A9BBAD5B1DAA336000BAF4D1 /* PlamExam.app */,
			);
			name = Products;
			sourceTree = "<group>";
		};
		A9BBAD5D1DAA336000BAF4D1 /* PlamExam */ = {
			isa = PBXGroup;
			children = (
				A942CEB61DAB76760049805A /* Domains */,
				A9411B231DAA3DA200B69967 /* Application */,
				A9411B281DAA3E6E00B69967 /* Models */,
				A9411B291DAA3E7B00B69967 /* Views */,
				A9411B271DAA3E6900B69967 /* Controllers */,
				A9411B2B1DAA3F8E00B69967 /* Utils */,
				A9411B2A1DAA3F8200B69967 /* Categories */,
				A9BBAD5E1DAA336000BAF4D1 /* Supporting Files */,
			);
			path = PlamExam;
			sourceTree = "<group>";
		};
		A9BBAD5E1DAA336000BAF4D1 /* Supporting Files */ = {
			isa = PBXGroup;
			children = (
				A942CEB41DAB44140049805A /* Foundation+Log.m */,
				A9BBAD6A1DAA336000BAF4D1 /* Images.xcassets */,
				A9BBAD6C1DAA336000BAF4D1 /* LaunchScreen.storyboard */,
				A9BBAD6F1DAA336000BAF4D1 /* Info.plist */,
				A9BBAD5F1DAA336000BAF4D1 /* main.m */,
			);
			name = "Supporting Files";
			sourceTree = "<group>";
		};
/* End PBXGroup section */

/* Begin PBXNativeTarget section */
		A9BBAD5A1DAA336000BAF4D1 /* PlamExam */ = {
			isa = PBXNativeTarget;
			buildConfigurationList = A9BBAD721DAA336000BAF4D1 /* Build configuration list for PBXNativeTarget "PlamExam" */;
			buildPhases = (
				A9BBAD571DAA336000BAF4D1 /* Sources */,
				A9BBAD581DAA336000BAF4D1 /* Frameworks */,
				A9BBAD591DAA336000BAF4D1 /* Resources */,
			);
			buildRules = (
			);
			dependencies = (
			);
			name = PlamExam;
			productName = PlamExam;
			productReference = A9BBAD5B1DAA336000BAF4D1 /* PlamExam.app */;
			productType = "com.apple.product-type.application";
		};
/* End PBXNativeTarget section */

/* Begin PBXProject section */
		A9BBAD531DAA336000BAF4D1 /* Project object */ = {
			isa = PBXProject;
			attributes = {
				LastUpgradeCheck = 0800;
				ORGANIZATIONNAME = guokai;
				TargetAttributes = {
					A9BBAD5A1DAA336000BAF4D1 = {
						CreatedOnToolsVersion = 8.0;
						DevelopmentTeam = T5NFTEJZU4;
						ProvisioningStyle = Automatic;
					};
				};
			};
			buildConfigurationList = A9BBAD561DAA336000BAF4D1 /* Build configuration list for PBXProject "PlamExam" */;
			compatibilityVersion = "Xcode 3.2";
			developmentRegion = English;
			hasScannedForEncodings = 0;
			knownRegions = (
				en,
				Base,
			);
			mainGroup = A9BBAD521DAA336000BAF4D1;
			productRefGroup = A9BBAD5C1DAA336000BAF4D1 /* Products */;
			projectDirPath = "";
			projectRoot = "";
			targets = (
				A9BBAD5A1DAA336000BAF4D1 /* PlamExam */,
			);
		};
/* End PBXProject section */

/* Begin PBXResourcesBuildPhase section */
		A9BBAD591DAA336000BAF4D1 /* Resources */ = {
			isa = PBXResourcesBuildPhase;
			buildActionMask = 2147483647;
			files = (
				A9BBAD6E1DAA336000BAF4D1 /* LaunchScreen.storyboard in Resources */,
				A9BBAD6B1DAA336000BAF4D1 /* Images.xcassets in Resources */,
			);
			runOnlyForDeploymentPostprocessing = 0;
		};
/* End PBXResourcesBuildPhase section */

/* Begin PBXSourcesBuildPhase section */
		A9BBAD571DAA336000BAF4D1 /* Sources */ = {
			isa = PBXSourcesBuildPhase;
			buildActionMask = 2147483647;
			files = (
				A9411B261DAA3DB800B69967 /* AppDelegate.m in Sources */,
				A9BBAD601DAA336000BAF4D1 /* main.m in Sources */,
				A942CEB51DAB44140049805A /* Foundation+Log.m in Sources */,
			);
			runOnlyForDeploymentPostprocessing = 0;
		};
/* End PBXSourcesBuildPhase section */

/* Begin PBXVariantGroup section */
		A9BBAD6C1DAA336000BAF4D1 /* LaunchScreen.storyboard */ = {
			isa = PBXVariantGroup;
			children = (
				A9BBAD6D1DAA336000BAF4D1 /* Base */,
			);
			name = LaunchScreen.storyboard;
			sourceTree = "<group>";
		};
/* End PBXVariantGroup section */

/* Begin XCBuildConfiguration section */
		A9BBAD701DAA336000BAF4D1 /* Debug */ = {
			isa = XCBuildConfiguration;
			buildSettings = {
				ALWAYS_SEARCH_USER_PATHS = NO;
				CLANG_ANALYZER_NONNULL = YES;
				CLANG_CXX_LANGUAGE_STANDARD = "gnu++0x";
				CLANG_CXX_LIBRARY = "libc++";
				CLANG_ENABLE_MODULES = YES;
				CLANG_ENABLE_OBJC_ARC = YES;
				CLANG_WARN_BOOL_CONVERSION = YES;
				CLANG_WARN_CONSTANT_CONVERSION = YES;
				CLANG_WARN_DIRECT_OBJC_ISA_USAGE = YES_ERROR;
				CLANG_WARN_DOCUMENTATION_COMMENTS = YES;
				CLANG_WARN_EMPTY_BODY = YES;
				CLANG_WARN_ENUM_CONVERSION = YES;
				CLANG_WARN_INFINITE_RECURSION = YES;
				CLANG_WARN_INT_CONVERSION = YES;
				CLANG_WARN_OBJC_ROOT_CLASS = YES_ERROR;
				CLANG_WARN_SUSPICIOUS_MOVES = YES;
				CLANG_WARN_UNREACHABLE_CODE = YES;
				CLANG_WARN__DUPLICATE_METHOD_MATCH = YES;
				"CODE_SIGN_IDENTITY[sdk=iphoneos*]" = "iPhone Developer";
				COPY_PHASE_STRIP = NO;
				DEBUG_INFORMATION_FORMAT = dwarf;
				ENABLE_STRICT_OBJC_MSGSEND = YES;
				ENABLE_TESTABILITY = YES;
				GCC_C_LANGUAGE_STANDARD = gnu99;
				GCC_DYNAMIC_NO_PIC = NO;
				GCC_NO_COMMON_BLOCKS = YES;
				GCC_OPTIMIZATION_LEVEL = 0;
				GCC_PREPROCESSOR_DEFINITIONS = (
					"DEBUG=1",
					"$(inherited)",
				);
				GCC_WARN_64_TO_32_BIT_CONVERSION = YES;
				GCC_WARN_ABOUT_RETURN_TYPE = YES_ERROR;
				GCC_WARN_UNDECLARED_SELECTOR = YES;
				GCC_WARN_UNINITIALIZED_AUTOS = YES_AGGRESSIVE;
				GCC_WARN_UNUSED_FUNCTION = YES;
				GCC_WARN_UNUSED_VARIABLE = YES;
				IPHONEOS_DEPLOYMENT_TARGET = 10.0;
				MTL_ENABLE_DEBUG_INFO = YES;
				ONLY_ACTIVE_ARCH = YES;
				SDKROOT = iphoneos;
				TARGETED_DEVICE_FAMILY = "1,2";
			};
			name = Debug;
		};
		A9BBAD711DAA336000BAF4D1 /* Release */ = {
			isa = XCBuildConfiguration;
			buildSettings = {
				ALWAYS_SEARCH_USER_PATHS = NO;
				CLANG_ANALYZER_NONNULL = YES;
				CLANG_CXX_LANGUAGE_STANDARD = "gnu++0x";
				CLANG_CXX_LIBRARY = "libc++";
				CLANG_ENABLE_MODULES = YES;
				CLANG_ENABLE_OBJC_ARC = YES;
				CLANG_WARN_BOOL_CONVERSION = YES;
				CLANG_WARN_CONSTANT_CONVERSION = YES;
				CLANG_WARN_DIRECT_OBJC_ISA_USAGE = YES_ERROR;
				CLANG_WARN_DOCUMENTATION_COMMENTS = YES;
				CLANG_WARN_EMPTY_BODY = YES;
				CLANG_WARN_ENUM_CONVERSION = YES;
				CLANG_WARN_INFINITE_RECURSION = YES;
				CLANG_WARN_INT_CONVERSION = YES;
				CLANG_WARN_OBJC_ROOT_CLASS = YES_ERROR;
				CLANG_WARN_SUSPICIOUS_MOVES = YES;
				CLANG_WARN_UNREACHABLE_CODE = YES;
				CLANG_WARN__DUPLICATE_METHOD_MATCH = YES;
				"CODE_SIGN_IDENTITY[sdk=iphoneos*]" = "iPhone Developer";
				COPY_PHASE_STRIP = NO;
				DEBUG_INFORMATION_FORMAT = "dwarf-with-dsym";
				ENABLE_NS_ASSERTIONS = NO;
				ENABLE_STRICT_OBJC_MSGSEND = YES;
				GCC_C_LANGUAGE_STANDARD = gnu99;
				GCC_NO_COMMON_BLOCKS = YES;
				GCC_WARN_64_TO_32_BIT_CONVERSION = YES;
				GCC_WARN_ABOUT_RETURN_TYPE = YES_ERROR;
				GCC_WARN_UNDECLARED_SELECTOR = YES;
				GCC_WARN_UNINITIALIZED_AUTOS = YES_AGGRESSIVE;
				GCC_WARN_UNUSED_FUNCTION = YES;
				GCC_WARN_UNUSED_VARIABLE = YES;
				IPHONEOS_DEPLOYMENT_TARGET = 10.0;
				MTL_ENABLE_DEBUG_INFO = NO;
				SDKROOT = iphoneos;
				TARGETED_DEVICE_FAMILY = "1,2";
				VALIDATE_PRODUCT = YES;
			};
			name = Release;
		};
		A9BBAD731DAA336000BAF4D1 /* Debug */ = {
			isa = XCBuildConfiguration;
			buildSettings = {
				ASSETCATALOG_COMPILER_APPICON_NAME = AppIcon;
				DEVELOPMENT_TEAM = T5NFTEJZU4;
				INFOPLIST_FILE = PlamExam/Info.plist;
				LD_RUNPATH_SEARCH_PATHS = "$(inherited) @executable_path/Frameworks";
				PRODUCT_BUNDLE_IDENTIFIER = com.ihaozuo.plamExam;
				PRODUCT_NAME = "$(TARGET_NAME)";
			};
			name = Debug;
		};
		A9BBAD741DAA336000BAF4D1 /* Release */ = {
			isa = XCBuildConfiguration;
			buildSettings = {
				ASSETCATALOG_COMPILER_APPICON_NAME = AppIcon;
				DEVELOPMENT_TEAM = T5NFTEJZU4;
				INFOPLIST_FILE = PlamExam/Info.plist;
				LD_RUNPATH_SEARCH_PATHS = "$(inherited) @executable_path/Frameworks";
				PRODUCT_BUNDLE_IDENTIFIER = com.ihaozuo.plamExam;
				PRODUCT_NAME = "$(TARGET_NAME)";
			};
			name = Release;
		};
/* End XCBuildConfiguration section */

/* Begin XCConfigurationList section */
		A9BBAD561DAA336000BAF4D1 /* Build configuration list for PBXProject "PlamExam" */ = {
			isa = XCConfigurationList;
			buildConfigurations = (
				A9BBAD701DAA336000BAF4D1 /* Debug */,
				A9BBAD711DAA336000BAF4D1 /* Release */,
			);
			defaultConfigurationIsVisible = 0;
			defaultConfigurationName = Release;
		};
		A9BBAD721DAA336000BAF4D1 /* Build configuration list for PBXNativeTarget "PlamExam" */ = {
			isa = XCConfigurationList;
			buildConfigurations = (
				A9BBAD731DAA336000BAF4D1 /* Debug */,
				A9BBAD741DAA336000BAF4D1 /* Release */,
			);
			defaultConfigurationIsVisible = 0;
			defaultConfigurationName = Release;
		};
/* End XCConfigurationList section */
	};
	rootObject = A9BBAD531DAA336000BAF4D1 /* Project object */;
}
