// !$*UTF8*$!
{
	archiveVersion = 1;
	classes = {
	};
	objectVersion = 46;
	objects = {

/* Begin PBXBuildFile section */
		A5A01E931DB73FD4006C64E0 /* DoctorManager.m in Sources */ = {isa = PBXBuildFile; fileRef = A5A01E921DB73FD4006C64E0 /* DoctorManager.m */; };
		A5A01E991DB79AF4006C64E0 /* ReportSimple.m in Sources */ = {isa = PBXBuildFile; fileRef = A5A01E981DB79AF4006C64E0 /* ReportSimple.m */; };
		A5A01E9C1DB79BA4006C64E0 /* ReportModel.m in Sources */ = {isa = PBXBuildFile; fileRef = A5A01E9B1DB79BA4006C64E0 /* ReportModel.m */; };
		A5A01E9F1DB7A04E006C64E0 /* ReportBatch.m in Sources */ = {isa = PBXBuildFile; fileRef = A5A01E9E1DB7A04E006C64E0 /* ReportBatch.m */; };
		A5A01EA31DB7A4AF006C64E0 /* ReportInfo.m in Sources */ = {isa = PBXBuildFile; fileRef = A5A01EA21DB7A4AF006C64E0 /* ReportInfo.m */; };
		A5A01EA61DB86945006C64E0 /* ReportManager.m in Sources */ = {isa = PBXBuildFile; fileRef = A5A01EA51DB86945006C64E0 /* ReportManager.m */; };
		A5A01EA91DB8A888006C64E0 /* NewsSimple.m in Sources */ = {isa = PBXBuildFile; fileRef = A5A01EA81DB8A888006C64E0 /* NewsSimple.m */; };
		A5A01EAC1DB8AC0C006C64E0 /* NewsInfo.m in Sources */ = {isa = PBXBuildFile; fileRef = A5A01EAB1DB8AC0C006C64E0 /* NewsInfo.m */; };
		A5A01EAF1DB8AF31006C64E0 /* NewsModel.m in Sources */ = {isa = PBXBuildFile; fileRef = A5A01EAE1DB8AF31006C64E0 /* NewsModel.m */; };
		A5C66BDE1DAD40240049B275 /* NSString+Util.m in Sources */ = {isa = PBXBuildFile; fileRef = A5C66BDD1DAD40240049B275 /* NSString+Util.m */; };
		A5C66BE11DAD40980049B275 /* NSData+Util.m in Sources */ = {isa = PBXBuildFile; fileRef = A5C66BE01DAD40980049B275 /* NSData+Util.m */; };
		A92F201E1DB9A6CE002BFB0E /* ReportListCell.m in Sources */ = {isa = PBXBuildFile; fileRef = A92F201C1DB9A6CE002BFB0E /* ReportListCell.m */; };
		A92F201F1DB9A6CE002BFB0E /* ReportListCell.xib in Resources */ = {isa = PBXBuildFile; fileRef = A92F201D1DB9A6CE002BFB0E /* ReportListCell.xib */; };
		A92F20231DB9CAAA002BFB0E /* SummaryFormatCell.m in Sources */ = {isa = PBXBuildFile; fileRef = A92F20211DB9CAAA002BFB0E /* SummaryFormatCell.m */; };
		A92F20241DB9CAAA002BFB0E /* SummaryFormatCell.xib in Resources */ = {isa = PBXBuildFile; fileRef = A92F20221DB9CAAA002BFB0E /* SummaryFormatCell.xib */; };
		A92F20281DB9F196002BFB0E /* ConsultDetailViewController.m in Sources */ = {isa = PBXBuildFile; fileRef = A92F20261DB9F196002BFB0E /* ConsultDetailViewController.m */; };
		A92F20291DB9F196002BFB0E /* ConsultDetailViewController.xib in Resources */ = {isa = PBXBuildFile; fileRef = A92F20271DB9F196002BFB0E /* ConsultDetailViewController.xib */; };
		A93548F01DAE50450077E85C /* NSArray+Util.m in Sources */ = {isa = PBXBuildFile; fileRef = A93548EF1DAE50450077E85C /* NSArray+Util.m */; };
		A93549051DAF15FF0077E85C /* HZTabBarController.m in Sources */ = {isa = PBXBuildFile; fileRef = A93549041DAF15FF0077E85C /* HZTabBarController.m */; };
		A93549081DAF163F0077E85C /* HZNavigationController.m in Sources */ = {isa = PBXBuildFile; fileRef = A93549071DAF163F0077E85C /* HZNavigationController.m */; };
		A935490E1DAF193D0077E85C /* HomeViewController.m in Sources */ = {isa = PBXBuildFile; fileRef = A935490D1DAF193D0077E85C /* HomeViewController.m */; };
		A93549141DAF19600077E85C /* PersonalViewController.m in Sources */ = {isa = PBXBuildFile; fileRef = A93549131DAF19600077E85C /* PersonalViewController.m */; };
		A93549171DAF1CEE0077E85C /* BaseViewController.m in Sources */ = {isa = PBXBuildFile; fileRef = A93549161DAF1CEE0077E85C /* BaseViewController.m */; };
		A935491A1DAF1DF40077E85C /* UIColor+Utils.m in Sources */ = {isa = PBXBuildFile; fileRef = A93549191DAF1DF40077E85C /* UIColor+Utils.m */; };
		A935491D1DAF2A7F0077E85C /* UIView+Utils.m in Sources */ = {isa = PBXBuildFile; fileRef = A935491C1DAF2A7F0077E85C /* UIView+Utils.m */; };
		A93549201DAF2B320077E85C /* UIButton+countDown.m in Sources */ = {isa = PBXBuildFile; fileRef = A935491F1DAF2B320077E85C /* UIButton+countDown.m */; };
		A93549291DAF37890077E85C /* LoginViewController.m in Sources */ = {isa = PBXBuildFile; fileRef = A93549271DAF37890077E85C /* LoginViewController.m */; };
		A935492A1DAF37890077E85C /* LoginViewController.xib in Resources */ = {isa = PBXBuildFile; fileRef = A93549281DAF37890077E85C /* LoginViewController.xib */; };
		A935494E1DAF72140077E85C /* BaseSettingViewController.m in Sources */ = {isa = PBXBuildFile; fileRef = A935493A1DAF72140077E85C /* BaseSettingViewController.m */; };
		A935494F1DAF72140077E85C /* ArrowItem.m in Sources */ = {isa = PBXBuildFile; fileRef = A935493D1DAF72140077E85C /* ArrowItem.m */; };
		A93549501DAF72140077E85C /* GroupItem.m in Sources */ = {isa = PBXBuildFile; fileRef = A93549401DAF72140077E85C /* GroupItem.m */; };
		A93549521DAF72140077E85C /* LabelItem.m in Sources */ = {isa = PBXBuildFile; fileRef = A93549441DAF72140077E85C /* LabelItem.m */; };
		A93549531DAF72140077E85C /* SettingItem.m in Sources */ = {isa = PBXBuildFile; fileRef = A93549461DAF72140077E85C /* SettingItem.m */; };
		A93549541DAF72140077E85C /* SwitchItem.m in Sources */ = {isa = PBXBuildFile; fileRef = A93549481DAF72140077E85C /* SwitchItem.m */; };
		A93549561DAF72140077E85C /* SettingCell.m in Sources */ = {isa = PBXBuildFile; fileRef = A935494D1DAF72140077E85C /* SettingCell.m */; };
		A935495B1DAF866D0077E85C /* HeaderView.m in Sources */ = {isa = PBXBuildFile; fileRef = A93549591DAF866D0077E85C /* HeaderView.m */; };
		A935495C1DAF866D0077E85C /* HeaderView.xib in Resources */ = {isa = PBXBuildFile; fileRef = A935495A1DAF866D0077E85C /* HeaderView.xib */; };
		A935495F1DAF8DCD0077E85C /* UserInfoViewController.m in Sources */ = {isa = PBXBuildFile; fileRef = A935495E1DAF8DCD0077E85C /* UserInfoViewController.m */; };
		A93549621DAF8E0E0077E85C /* SystemSettingViewController.m in Sources */ = {isa = PBXBuildFile; fileRef = A93549611DAF8E0E0077E85C /* SystemSettingViewController.m */; };
		A93549651DAF8E320077E85C /* SampleRepportViewController.m in Sources */ = {isa = PBXBuildFile; fileRef = A93549641DAF8E320077E85C /* SampleRepportViewController.m */; };
		A93549691DAF9D340077E85C /* IconCell.m in Sources */ = {isa = PBXBuildFile; fileRef = A93549671DAF9D340077E85C /* IconCell.m */; };
		A935496A1DAF9D340077E85C /* IconCell.xib in Resources */ = {isa = PBXBuildFile; fileRef = A93549681DAF9D340077E85C /* IconCell.xib */; };
		A935496E1DAFA8610077E85C /* ADScrollView.m in Sources */ = {isa = PBXBuildFile; fileRef = A935496D1DAFA8610077E85C /* ADScrollView.m */; };
		A93549711DAFAA040077E85C /* NSTimer+Addition.m in Sources */ = {isa = PBXBuildFile; fileRef = A93549701DAFAA040077E85C /* NSTimer+Addition.m */; };
		A93549751DB0780A0077E85C /* InformationCell.m in Sources */ = {isa = PBXBuildFile; fileRef = A93549731DB0780A0077E85C /* InformationCell.m */; };
		A93549761DB0780A0077E85C /* InformationCell.xib in Resources */ = {isa = PBXBuildFile; fileRef = A93549741DB0780A0077E85C /* InformationCell.xib */; };
		A93549821DB0A5920077E85C /* UserManager.m in Sources */ = {isa = PBXBuildFile; fileRef = A93549811DB0A5920077E85C /* UserManager.m */; };
		A93549851DB0A8890077E85C /* UserModel.m in Sources */ = {isa = PBXBuildFile; fileRef = A93549841DB0A8890077E85C /* UserModel.m */; };
		A93549871DB0B21E0077E85C /* iflyMSC.framework in Frameworks */ = {isa = PBXBuildFile; fileRef = A93549861DB0B21E0077E85C /* iflyMSC.framework */; };
		A93549891DB0B26A0077E85C /* libz.tbd in Frameworks */ = {isa = PBXBuildFile; fileRef = A93549881DB0B26A0077E85C /* libz.tbd */; };
		A935498B1DB0B2730077E85C /* AVFoundation.framework in Frameworks */ = {isa = PBXBuildFile; fileRef = A935498A1DB0B2730077E85C /* AVFoundation.framework */; };
		A935498D1DB0B2880077E85C /* SystemConfiguration.framework in Frameworks */ = {isa = PBXBuildFile; fileRef = A935498C1DB0B2880077E85C /* SystemConfiguration.framework */; };
		A935498F1DB0B2940077E85C /* Foundation.framework in Frameworks */ = {isa = PBXBuildFile; fileRef = A935498E1DB0B2940077E85C /* Foundation.framework */; };
		A93549911DB0B2A00077E85C /* CoreTelephony.framework in Frameworks */ = {isa = PBXBuildFile; fileRef = A93549901DB0B2A00077E85C /* CoreTelephony.framework */; };
		A93549931DB0B2AC0077E85C /* AudioToolbox.framework in Frameworks */ = {isa = PBXBuildFile; fileRef = A93549921DB0B2AC0077E85C /* AudioToolbox.framework */; };
		A93549951DB0B2B30077E85C /* UIKit.framework in Frameworks */ = {isa = PBXBuildFile; fileRef = A93549941DB0B2B30077E85C /* UIKit.framework */; };
		A93549971DB0B2BB0077E85C /* CoreLocation.framework in Frameworks */ = {isa = PBXBuildFile; fileRef = A93549961DB0B2BB0077E85C /* CoreLocation.framework */; };
		A93549991DB0B2D40077E85C /* AddressBook.framework in Frameworks */ = {isa = PBXBuildFile; fileRef = A93549981DB0B2D40077E85C /* AddressBook.framework */; };
		A935499B1DB0B2DE0077E85C /* QuartzCore.framework in Frameworks */ = {isa = PBXBuildFile; fileRef = A935499A1DB0B2DE0077E85C /* QuartzCore.framework */; };
		A935499D1DB0B2E70077E85C /* CoreGraphics.framework in Frameworks */ = {isa = PBXBuildFile; fileRef = A935499C1DB0B2E70077E85C /* CoreGraphics.framework */; };
		A9388DA41DBA367C00210224 /* AnalyCell.m in Sources */ = {isa = PBXBuildFile; fileRef = A9388DA21DBA367C00210224 /* AnalyCell.m */; };
		A9388DA51DBA367C00210224 /* AnalyCell.xib in Resources */ = {isa = PBXBuildFile; fileRef = A9388DA31DBA367C00210224 /* AnalyCell.xib */; };
		A9388DAA1DBB0CD000210224 /* UserTextCell.m in Sources */ = {isa = PBXBuildFile; fileRef = A9388DA81DBB0CD000210224 /* UserTextCell.m */; };
		A9388DAB1DBB0CD000210224 /* UserTextCell.xib in Resources */ = {isa = PBXBuildFile; fileRef = A9388DA91DBB0CD000210224 /* UserTextCell.xib */; };
		A9388DB01DBB0CD700210224 /* DoctorReplyCell.m in Sources */ = {isa = PBXBuildFile; fileRef = A9388DAE1DBB0CD700210224 /* DoctorReplyCell.m */; };
		A9388DB11DBB0CD700210224 /* DoctorReplyCell.xib in Resources */ = {isa = PBXBuildFile; fileRef = A9388DAF1DBB0CD700210224 /* DoctorReplyCell.xib */; };
		A9388DB51DBB0D2500210224 /* UserReportCell.m in Sources */ = {isa = PBXBuildFile; fileRef = A9388DB31DBB0D2500210224 /* UserReportCell.m */; };
		A9388DB61DBB0D2500210224 /* UserReportCell.xib in Resources */ = {isa = PBXBuildFile; fileRef = A9388DB41DBB0D2500210224 /* UserReportCell.xib */; };
		A9388DC51DBB40B900210224 /* AddReportViewController.m in Sources */ = {isa = PBXBuildFile; fileRef = A9388DB91DBB40B900210224 /* AddReportViewController.m */; };
		A9388DC61DBB40B900210224 /* AddReportViewController.xib in Resources */ = {isa = PBXBuildFile; fileRef = A9388DBA1DBB40B900210224 /* AddReportViewController.xib */; };
		A9388DC71DBB40B900210224 /* ReportAnalyViewController.m in Sources */ = {isa = PBXBuildFile; fileRef = A9388DBC1DBB40B900210224 /* ReportAnalyViewController.m */; };
		A9388DC81DBB40B900210224 /* ReportDetailViewController.m in Sources */ = {isa = PBXBuildFile; fileRef = A9388DBE1DBB40B900210224 /* ReportDetailViewController.m */; };
		A9388DC91DBB40B900210224 /* ReportExceptionsViewController.m in Sources */ = {isa = PBXBuildFile; fileRef = A9388DC01DBB40B900210224 /* ReportExceptionsViewController.m */; };
		A9388DCA1DBB40B900210224 /* ReportListViewController.m in Sources */ = {isa = PBXBuildFile; fileRef = A9388DC21DBB40B900210224 /* ReportListViewController.m */; };
		A9388DCB1DBB40B900210224 /* ReportViewController.m in Sources */ = {isa = PBXBuildFile; fileRef = A9388DC41DBB40B900210224 /* ReportViewController.m */; };
		A9388DCE1DBB522300210224 /* MBProgressHUD.m in Sources */ = {isa = PBXBuildFile; fileRef = A9388DCD1DBB522300210224 /* MBProgressHUD.m */; };
		A93C60CE1DB4CD970024180F /* ConsultViewController.m in Sources */ = {isa = PBXBuildFile; fileRef = A93C60CB1DB4CD970024180F /* ConsultViewController.m */; };
		A93C60E31DB4D3980024180F /* InformationViewController.m in Sources */ = {isa = PBXBuildFile; fileRef = A93C60E21DB4D3980024180F /* InformationViewController.m */; };
		A9411B261DAA3DB800B69967 /* AppDelegate.m in Sources */ = {isa = PBXBuildFile; fileRef = A9411B251DAA3DB800B69967 /* AppDelegate.m */; };
		A942CEB51DAB44140049805A /* Foundation+Log.m in Sources */ = {isa = PBXBuildFile; fileRef = A942CEB41DAB44140049805A /* Foundation+Log.m */; };
		A9610D481DB109D60062CE93 /* ZSType.m in Sources */ = {isa = PBXBuildFile; fileRef = A9610D471DB109D60062CE93 /* ZSType.m */; };
		A9610D771DB491100062CE93 /* DoctorInfoView.m in Sources */ = {isa = PBXBuildFile; fileRef = A9610D761DB491100062CE93 /* DoctorInfoView.m */; };
		A9610D791DB491270062CE93 /* DoctorInfoView.xib in Resources */ = {isa = PBXBuildFile; fileRef = A9610D781DB491270062CE93 /* DoctorInfoView.xib */; };
		A99C3CD01DB8B65F002FE8A3 /* ReportView.m in Sources */ = {isa = PBXBuildFile; fileRef = A99C3CCF1DB8B65F002FE8A3 /* ReportView.m */; };
		A99C3CD31DB8B7A2002FE8A3 /* HZSliderView.m in Sources */ = {isa = PBXBuildFile; fileRef = A99C3CD21DB8B7A2002FE8A3 /* HZSliderView.m */; };
		A99C3CDC1DB8C486002FE8A3 /* ReportItemCell.m in Sources */ = {isa = PBXBuildFile; fileRef = A99C3CDA1DB8C486002FE8A3 /* ReportItemCell.m */; };
		A99C3CDD1DB8C486002FE8A3 /* ReportItemCell.xib in Resources */ = {isa = PBXBuildFile; fileRef = A99C3CDB1DB8C486002FE8A3 /* ReportItemCell.xib */; };
		A9BBAD601DAA336000BAF4D1 /* main.m in Sources */ = {isa = PBXBuildFile; fileRef = A9BBAD5F1DAA336000BAF4D1 /* main.m */; };
		A9BBAD6B1DAA336000BAF4D1 /* Images.xcassets in Resources */ = {isa = PBXBuildFile; fileRef = A9BBAD6A1DAA336000BAF4D1 /* Images.xcassets */; };
		A9BBAD6E1DAA336000BAF4D1 /* LaunchScreen.storyboard in Resources */ = {isa = PBXBuildFile; fileRef = A9BBAD6C1DAA336000BAF4D1 /* LaunchScreen.storyboard */; };
		A9C92CD91DB4EFA500034DA5 /* ChatModel.m in Sources */ = {isa = PBXBuildFile; fileRef = A9C92CD81DB4EFA500034DA5 /* ChatModel.m */; };
		A9C92CDC1DB4F05200034DA5 /* ChatData.m in Sources */ = {isa = PBXBuildFile; fileRef = A9C92CDB1DB4F05200034DA5 /* ChatData.m */; };
		A9C92CE31DB5C0AE00034DA5 /* ZLCWebView.m in Sources */ = {isa = PBXBuildFile; fileRef = A9C92CE21DB5C0AE00034DA5 /* ZLCWebView.m */; };
		A9C92CE71DB5D5E000034DA5 /* HZBadgeView.m in Sources */ = {isa = PBXBuildFile; fileRef = A9C92CE61DB5D5E000034DA5 /* HZBadgeView.m */; };
		A9C92D021DB5ED9500034DA5 /* UIBarButtonItem+WZLBadge.m in Sources */ = {isa = PBXBuildFile; fileRef = A9C92CF61DB5ED9500034DA5 /* UIBarButtonItem+WZLBadge.m */; };
		A9C92D031DB5ED9500034DA5 /* UITabBarItem+WZLBadge.m in Sources */ = {isa = PBXBuildFile; fileRef = A9C92CF81DB5ED9500034DA5 /* UITabBarItem+WZLBadge.m */; };
		A9C92D041DB5ED9500034DA5 /* CAAnimation+WAnimation.m in Sources */ = {isa = PBXBuildFile; fileRef = A9C92CFB1DB5ED9500034DA5 /* CAAnimation+WAnimation.m */; };
		A9C92D051DB5ED9500034DA5 /* UIView+WZLBadge.m in Sources */ = {isa = PBXBuildFile; fileRef = A9C92D001DB5ED9500034DA5 /* UIView+WZLBadge.m */; };
		A9C92D0C1DB6036600034DA5 /* AdScrollerViewData.m in Sources */ = {isa = PBXBuildFile; fileRef = A9C92D0B1DB6036600034DA5 /* AdScrollerViewData.m */; };
		A9C92D101DB6114700034DA5 /* SZCirculationImageView.m in Sources */ = {isa = PBXBuildFile; fileRef = A9C92D0F1DB6114700034DA5 /* SZCirculationImageView.m */; };
		A9C92D131DB6277A00034DA5 /* HomeAdManager.m in Sources */ = {isa = PBXBuildFile; fileRef = A9C92D121DB6277A00034DA5 /* HomeAdManager.m */; };
		A9C92D1A1DB7065900034DA5 /* BatchRequestParam.m in Sources */ = {isa = PBXBuildFile; fileRef = A9C92D151DB7065900034DA5 /* BatchRequestParam.m */; };
		A9C92D1B1DB7065900034DA5 /* Doctor.m in Sources */ = {isa = PBXBuildFile; fileRef = A9C92D171DB7065900034DA5 /* Doctor.m */; };
		A9C92D1C1DB7065900034DA5 /* HttpRequestResult.m in Sources */ = {isa = PBXBuildFile; fileRef = A9C92D191DB7065900034DA5 /* HttpRequestResult.m */; };
		A9C92D251DB7069600034DA5 /* AFNetworkingProxy.m in Sources */ = {isa = PBXBuildFile; fileRef = A9C92D1E1DB7069600034DA5 /* AFNetworkingProxy.m */; };
		A9C92D261DB7069600034DA5 /* CommonUtil.m in Sources */ = {isa = PBXBuildFile; fileRef = A9C92D201DB7069600034DA5 /* CommonUtil.m */; };
		A9C92D271DB7069600034DA5 /* HttpBatchRequestHelper.m in Sources */ = {isa = PBXBuildFile; fileRef = A9C92D221DB7069600034DA5 /* HttpBatchRequestHelper.m */; };
		A9C92D281DB7069600034DA5 /* HttpHelper.m in Sources */ = {isa = PBXBuildFile; fileRef = A9C92D241DB7069600034DA5 /* HttpHelper.m */; };
		A9C92D2D1DB718DE00034DA5 /* CommentViewController.m in Sources */ = {isa = PBXBuildFile; fileRef = A9C92D2B1DB718DE00034DA5 /* CommentViewController.m */; };
		A9C92D2E1DB718DE00034DA5 /* CommentViewController.xib in Resources */ = {isa = PBXBuildFile; fileRef = A9C92D2C1DB718DE00034DA5 /* CommentViewController.xib */; };
		A9C92D341DB71AAB00034DA5 /* HYBStarEvaluationView.m in Sources */ = {isa = PBXBuildFile; fileRef = A9C92D311DB71AAB00034DA5 /* HYBStarEvaluationView.m */; };
		A9C92D351DB71AAB00034DA5 /* star_gray.png in Resources */ = {isa = PBXBuildFile; fileRef = A9C92D321DB71AAB00034DA5 /* star_gray.png */; };
		A9C92D361DB71AAB00034DA5 /* star_yellow.png in Resources */ = {isa = PBXBuildFile; fileRef = A9C92D331DB71AAB00034DA5 /* star_yellow.png */; };
		A9C92D3C1DB7974600034DA5 /* HomeModel.m in Sources */ = {isa = PBXBuildFile; fileRef = A9C92D3B1DB7974600034DA5 /* HomeModel.m */; };
		A9C92D3F1DB797C500034DA5 /* Notice.m in Sources */ = {isa = PBXBuildFile; fileRef = A9C92D3E1DB797C500034DA5 /* Notice.m */; };
		A9DB5A731DB0DD70000BEDF4 /* User.m in Sources */ = {isa = PBXBuildFile; fileRef = A9DB5A721DB0DD70000BEDF4 /* User.m */; };
		A9DB5A8B1DB0E930000BEDF4 /* edit_voiceinput@2x.png in Resources */ = {isa = PBXBuildFile; fileRef = A9DB5A831DB0E930000BEDF4 /* edit_voiceinput@2x.png */; };
		A9DB5A8C1DB0E930000BEDF4 /* edit_voiceinput@3x.png in Resources */ = {isa = PBXBuildFile; fileRef = A9DB5A841DB0E930000BEDF4 /* edit_voiceinput@3x.png */; };
		A9DB5A8D1DB0E930000BEDF4 /* GFWaterView.m in Sources */ = {isa = PBXBuildFile; fileRef = A9DB5A861DB0E930000BEDF4 /* GFWaterView.m */; };
		A9DB5A8E1DB0E930000BEDF4 /* HZRecognizer.m in Sources */ = {isa = PBXBuildFile; fileRef = A9DB5A881DB0E930000BEDF4 /* HZRecognizer.m */; };
		A9DB5A8F1DB0E930000BEDF4 /* HZRecognizerView.m in Sources */ = {isa = PBXBuildFile; fileRef = A9DB5A8A1DB0E930000BEDF4 /* HZRecognizerView.m */; };
		FD46ED38168FED9D2479E42A /* libPods-PlamExam.a in Frameworks */ = {isa = PBXBuildFile; fileRef = 22204DB0422D3F1446E34FFB /* libPods-PlamExam.a */; };
/* End PBXBuildFile section */

/* Begin PBXFileReference section */
		22204DB0422D3F1446E34FFB /* libPods-PlamExam.a */ = {isa = PBXFileReference; explicitFileType = archive.ar; includeInIndex = 0; path = "libPods-PlamExam.a"; sourceTree = BUILT_PRODUCTS_DIR; };
		45A42BDB1C47DC7D62247F14 /* Pods-PlamExam.release.xcconfig */ = {isa = PBXFileReference; includeInIndex = 1; lastKnownFileType = text.xcconfig; name = "Pods-PlamExam.release.xcconfig"; path = "Pods/Target Support Files/Pods-PlamExam/Pods-PlamExam.release.xcconfig"; sourceTree = "<group>"; };
		A5A01E911DB73FD4006C64E0 /* DoctorManager.h */ = {isa = PBXFileReference; fileEncoding = 4; lastKnownFileType = sourcecode.c.h; path = DoctorManager.h; sourceTree = "<group>"; };
		A5A01E921DB73FD4006C64E0 /* DoctorManager.m */ = {isa = PBXFileReference; fileEncoding = 4; lastKnownFileType = sourcecode.c.objc; path = DoctorManager.m; sourceTree = "<group>"; };
		A5A01E971DB79AF4006C64E0 /* ReportSimple.h */ = {isa = PBXFileReference; fileEncoding = 4; lastKnownFileType = sourcecode.c.h; path = ReportSimple.h; sourceTree = "<group>"; };
		A5A01E981DB79AF4006C64E0 /* ReportSimple.m */ = {isa = PBXFileReference; fileEncoding = 4; lastKnownFileType = sourcecode.c.objc; path = ReportSimple.m; sourceTree = "<group>"; };
		A5A01E9A1DB79BA4006C64E0 /* ReportModel.h */ = {isa = PBXFileReference; fileEncoding = 4; lastKnownFileType = sourcecode.c.h; path = ReportModel.h; sourceTree = "<group>"; };
		A5A01E9B1DB79BA4006C64E0 /* ReportModel.m */ = {isa = PBXFileReference; fileEncoding = 4; lastKnownFileType = sourcecode.c.objc; path = ReportModel.m; sourceTree = "<group>"; };
		A5A01E9D1DB7A04E006C64E0 /* ReportBatch.h */ = {isa = PBXFileReference; fileEncoding = 4; lastKnownFileType = sourcecode.c.h; path = ReportBatch.h; sourceTree = "<group>"; };
		A5A01E9E1DB7A04E006C64E0 /* ReportBatch.m */ = {isa = PBXFileReference; fileEncoding = 4; lastKnownFileType = sourcecode.c.objc; path = ReportBatch.m; sourceTree = "<group>"; };
		A5A01EA11DB7A4AF006C64E0 /* ReportInfo.h */ = {isa = PBXFileReference; fileEncoding = 4; lastKnownFileType = sourcecode.c.h; path = ReportInfo.h; sourceTree = "<group>"; };
		A5A01EA21DB7A4AF006C64E0 /* ReportInfo.m */ = {isa = PBXFileReference; fileEncoding = 4; lastKnownFileType = sourcecode.c.objc; path = ReportInfo.m; sourceTree = "<group>"; };
		A5A01EA41DB86945006C64E0 /* ReportManager.h */ = {isa = PBXFileReference; fileEncoding = 4; lastKnownFileType = sourcecode.c.h; path = ReportManager.h; sourceTree = "<group>"; };
		A5A01EA51DB86945006C64E0 /* ReportManager.m */ = {isa = PBXFileReference; fileEncoding = 4; lastKnownFileType = sourcecode.c.objc; path = ReportManager.m; sourceTree = "<group>"; };
		A5A01EA71DB8A888006C64E0 /* NewsSimple.h */ = {isa = PBXFileReference; fileEncoding = 4; lastKnownFileType = sourcecode.c.h; path = NewsSimple.h; sourceTree = "<group>"; };
		A5A01EA81DB8A888006C64E0 /* NewsSimple.m */ = {isa = PBXFileReference; fileEncoding = 4; lastKnownFileType = sourcecode.c.objc; path = NewsSimple.m; sourceTree = "<group>"; };
		A5A01EAA1DB8AC0C006C64E0 /* NewsInfo.h */ = {isa = PBXFileReference; fileEncoding = 4; lastKnownFileType = sourcecode.c.h; path = NewsInfo.h; sourceTree = "<group>"; };
		A5A01EAB1DB8AC0C006C64E0 /* NewsInfo.m */ = {isa = PBXFileReference; fileEncoding = 4; lastKnownFileType = sourcecode.c.objc; path = NewsInfo.m; sourceTree = "<group>"; };
		A5A01EAD1DB8AF31006C64E0 /* NewsModel.h */ = {isa = PBXFileReference; fileEncoding = 4; lastKnownFileType = sourcecode.c.h; path = NewsModel.h; sourceTree = "<group>"; };
		A5A01EAE1DB8AF31006C64E0 /* NewsModel.m */ = {isa = PBXFileReference; fileEncoding = 4; lastKnownFileType = sourcecode.c.objc; path = NewsModel.m; sourceTree = "<group>"; };
		A5C66BDC1DAD40240049B275 /* NSString+Util.h */ = {isa = PBXFileReference; fileEncoding = 4; lastKnownFileType = sourcecode.c.h; path = "NSString+Util.h"; sourceTree = "<group>"; };
		A5C66BDD1DAD40240049B275 /* NSString+Util.m */ = {isa = PBXFileReference; fileEncoding = 4; lastKnownFileType = sourcecode.c.objc; path = "NSString+Util.m"; sourceTree = "<group>"; };
		A5C66BDF1DAD40980049B275 /* NSData+Util.h */ = {isa = PBXFileReference; fileEncoding = 4; lastKnownFileType = sourcecode.c.h; path = "NSData+Util.h"; sourceTree = "<group>"; };
		A5C66BE01DAD40980049B275 /* NSData+Util.m */ = {isa = PBXFileReference; fileEncoding = 4; lastKnownFileType = sourcecode.c.objc; path = "NSData+Util.m"; sourceTree = "<group>"; };
		A92F201B1DB9A6CE002BFB0E /* ReportListCell.h */ = {isa = PBXFileReference; fileEncoding = 4; lastKnownFileType = sourcecode.c.h; path = ReportListCell.h; sourceTree = "<group>"; };
		A92F201C1DB9A6CE002BFB0E /* ReportListCell.m */ = {isa = PBXFileReference; fileEncoding = 4; lastKnownFileType = sourcecode.c.objc; path = ReportListCell.m; sourceTree = "<group>"; };
		A92F201D1DB9A6CE002BFB0E /* ReportListCell.xib */ = {isa = PBXFileReference; fileEncoding = 4; lastKnownFileType = file.xib; path = ReportListCell.xib; sourceTree = "<group>"; };
		A92F20201DB9CAAA002BFB0E /* SummaryFormatCell.h */ = {isa = PBXFileReference; fileEncoding = 4; lastKnownFileType = sourcecode.c.h; path = SummaryFormatCell.h; sourceTree = "<group>"; };
		A92F20211DB9CAAA002BFB0E /* SummaryFormatCell.m */ = {isa = PBXFileReference; fileEncoding = 4; lastKnownFileType = sourcecode.c.objc; path = SummaryFormatCell.m; sourceTree = "<group>"; };
		A92F20221DB9CAAA002BFB0E /* SummaryFormatCell.xib */ = {isa = PBXFileReference; fileEncoding = 4; lastKnownFileType = file.xib; path = SummaryFormatCell.xib; sourceTree = "<group>"; };
		A92F20251DB9F196002BFB0E /* ConsultDetailViewController.h */ = {isa = PBXFileReference; fileEncoding = 4; lastKnownFileType = sourcecode.c.h; path = ConsultDetailViewController.h; sourceTree = "<group>"; };
		A92F20261DB9F196002BFB0E /* ConsultDetailViewController.m */ = {isa = PBXFileReference; fileEncoding = 4; lastKnownFileType = sourcecode.c.objc; path = ConsultDetailViewController.m; sourceTree = "<group>"; };
		A92F20271DB9F196002BFB0E /* ConsultDetailViewController.xib */ = {isa = PBXFileReference; fileEncoding = 4; lastKnownFileType = file.xib; path = ConsultDetailViewController.xib; sourceTree = "<group>"; };
		A93548EE1DAE50450077E85C /* NSArray+Util.h */ = {isa = PBXFileReference; fileEncoding = 4; lastKnownFileType = sourcecode.c.h; path = "NSArray+Util.h"; sourceTree = "<group>"; };
		A93548EF1DAE50450077E85C /* NSArray+Util.m */ = {isa = PBXFileReference; fileEncoding = 4; lastKnownFileType = sourcecode.c.objc; path = "NSArray+Util.m"; sourceTree = "<group>"; };
		A93549031DAF15FF0077E85C /* HZTabBarController.h */ = {isa = PBXFileReference; fileEncoding = 4; lastKnownFileType = sourcecode.c.h; path = HZTabBarController.h; sourceTree = "<group>"; };
		A93549041DAF15FF0077E85C /* HZTabBarController.m */ = {isa = PBXFileReference; fileEncoding = 4; lastKnownFileType = sourcecode.c.objc; path = HZTabBarController.m; sourceTree = "<group>"; };
		A93549061DAF163F0077E85C /* HZNavigationController.h */ = {isa = PBXFileReference; fileEncoding = 4; lastKnownFileType = sourcecode.c.h; path = HZNavigationController.h; sourceTree = "<group>"; };
		A93549071DAF163F0077E85C /* HZNavigationController.m */ = {isa = PBXFileReference; fileEncoding = 4; lastKnownFileType = sourcecode.c.objc; path = HZNavigationController.m; sourceTree = "<group>"; };
		A935490C1DAF193D0077E85C /* HomeViewController.h */ = {isa = PBXFileReference; fileEncoding = 4; lastKnownFileType = sourcecode.c.h; path = HomeViewController.h; sourceTree = "<group>"; };
		A935490D1DAF193D0077E85C /* HomeViewController.m */ = {isa = PBXFileReference; fileEncoding = 4; lastKnownFileType = sourcecode.c.objc; path = HomeViewController.m; sourceTree = "<group>"; };
		A93549121DAF19600077E85C /* PersonalViewController.h */ = {isa = PBXFileReference; fileEncoding = 4; lastKnownFileType = sourcecode.c.h; path = PersonalViewController.h; sourceTree = "<group>"; };
		A93549131DAF19600077E85C /* PersonalViewController.m */ = {isa = PBXFileReference; fileEncoding = 4; lastKnownFileType = sourcecode.c.objc; path = PersonalViewController.m; sourceTree = "<group>"; };
		A93549151DAF1CEE0077E85C /* BaseViewController.h */ = {isa = PBXFileReference; fileEncoding = 4; lastKnownFileType = sourcecode.c.h; path = BaseViewController.h; sourceTree = "<group>"; };
		A93549161DAF1CEE0077E85C /* BaseViewController.m */ = {isa = PBXFileReference; fileEncoding = 4; lastKnownFileType = sourcecode.c.objc; path = BaseViewController.m; sourceTree = "<group>"; };
		A93549181DAF1DF40077E85C /* UIColor+Utils.h */ = {isa = PBXFileReference; fileEncoding = 4; lastKnownFileType = sourcecode.c.h; path = "UIColor+Utils.h"; sourceTree = "<group>"; };
		A93549191DAF1DF40077E85C /* UIColor+Utils.m */ = {isa = PBXFileReference; fileEncoding = 4; lastKnownFileType = sourcecode.c.objc; path = "UIColor+Utils.m"; sourceTree = "<group>"; };
		A935491B1DAF2A7F0077E85C /* UIView+Utils.h */ = {isa = PBXFileReference; fileEncoding = 4; lastKnownFileType = sourcecode.c.h; path = "UIView+Utils.h"; sourceTree = "<group>"; };
		A935491C1DAF2A7F0077E85C /* UIView+Utils.m */ = {isa = PBXFileReference; fileEncoding = 4; lastKnownFileType = sourcecode.c.objc; path = "UIView+Utils.m"; sourceTree = "<group>"; };
		A935491E1DAF2B320077E85C /* UIButton+countDown.h */ = {isa = PBXFileReference; fileEncoding = 4; lastKnownFileType = sourcecode.c.h; path = "UIButton+countDown.h"; sourceTree = "<group>"; };
		A935491F1DAF2B320077E85C /* UIButton+countDown.m */ = {isa = PBXFileReference; fileEncoding = 4; lastKnownFileType = sourcecode.c.objc; path = "UIButton+countDown.m"; sourceTree = "<group>"; };
		A93549261DAF37890077E85C /* LoginViewController.h */ = {isa = PBXFileReference; fileEncoding = 4; lastKnownFileType = sourcecode.c.h; path = LoginViewController.h; sourceTree = "<group>"; };
		A93549271DAF37890077E85C /* LoginViewController.m */ = {isa = PBXFileReference; fileEncoding = 4; lastKnownFileType = sourcecode.c.objc; path = LoginViewController.m; sourceTree = "<group>"; };
		A93549281DAF37890077E85C /* LoginViewController.xib */ = {isa = PBXFileReference; fileEncoding = 4; lastKnownFileType = file.xib; path = LoginViewController.xib; sourceTree = "<group>"; };
		A93549391DAF72140077E85C /* BaseSettingViewController.h */ = {isa = PBXFileReference; fileEncoding = 4; lastKnownFileType = sourcecode.c.h; path = BaseSettingViewController.h; sourceTree = "<group>"; };
		A935493A1DAF72140077E85C /* BaseSettingViewController.m */ = {isa = PBXFileReference; fileEncoding = 4; lastKnownFileType = sourcecode.c.objc; path = BaseSettingViewController.m; sourceTree = "<group>"; };
		A935493C1DAF72140077E85C /* ArrowItem.h */ = {isa = PBXFileReference; fileEncoding = 4; lastKnownFileType = sourcecode.c.h; path = ArrowItem.h; sourceTree = "<group>"; };
		A935493D1DAF72140077E85C /* ArrowItem.m */ = {isa = PBXFileReference; fileEncoding = 4; lastKnownFileType = sourcecode.c.objc; path = ArrowItem.m; sourceTree = "<group>"; };
		A935493E1DAF72140077E85C /* BaseSetting.h */ = {isa = PBXFileReference; fileEncoding = 4; lastKnownFileType = sourcecode.c.h; path = BaseSetting.h; sourceTree = "<group>"; };
		A935493F1DAF72140077E85C /* GroupItem.h */ = {isa = PBXFileReference; fileEncoding = 4; lastKnownFileType = sourcecode.c.h; path = GroupItem.h; sourceTree = "<group>"; };
		A93549401DAF72140077E85C /* GroupItem.m */ = {isa = PBXFileReference; fileEncoding = 4; lastKnownFileType = sourcecode.c.objc; path = GroupItem.m; sourceTree = "<group>"; };
		A93549431DAF72140077E85C /* LabelItem.h */ = {isa = PBXFileReference; fileEncoding = 4; lastKnownFileType = sourcecode.c.h; path = LabelItem.h; sourceTree = "<group>"; };
		A93549441DAF72140077E85C /* LabelItem.m */ = {isa = PBXFileReference; fileEncoding = 4; lastKnownFileType = sourcecode.c.objc; path = LabelItem.m; sourceTree = "<group>"; };
		A93549451DAF72140077E85C /* SettingItem.h */ = {isa = PBXFileReference; fileEncoding = 4; lastKnownFileType = sourcecode.c.h; path = SettingItem.h; sourceTree = "<group>"; };
		A93549461DAF72140077E85C /* SettingItem.m */ = {isa = PBXFileReference; fileEncoding = 4; lastKnownFileType = sourcecode.c.objc; path = SettingItem.m; sourceTree = "<group>"; };
		A93549471DAF72140077E85C /* SwitchItem.h */ = {isa = PBXFileReference; fileEncoding = 4; lastKnownFileType = sourcecode.c.h; path = SwitchItem.h; sourceTree = "<group>"; };
		A93549481DAF72140077E85C /* SwitchItem.m */ = {isa = PBXFileReference; fileEncoding = 4; lastKnownFileType = sourcecode.c.objc; path = SwitchItem.m; sourceTree = "<group>"; };
		A935494C1DAF72140077E85C /* SettingCell.h */ = {isa = PBXFileReference; fileEncoding = 4; lastKnownFileType = sourcecode.c.h; path = SettingCell.h; sourceTree = "<group>"; };
		A935494D1DAF72140077E85C /* SettingCell.m */ = {isa = PBXFileReference; fileEncoding = 4; lastKnownFileType = sourcecode.c.objc; path = SettingCell.m; sourceTree = "<group>"; };
		A93549581DAF866D0077E85C /* HeaderView.h */ = {isa = PBXFileReference; fileEncoding = 4; lastKnownFileType = sourcecode.c.h; path = HeaderView.h; sourceTree = "<group>"; };
		A93549591DAF866D0077E85C /* HeaderView.m */ = {isa = PBXFileReference; fileEncoding = 4; lastKnownFileType = sourcecode.c.objc; path = HeaderView.m; sourceTree = "<group>"; };
		A935495A1DAF866D0077E85C /* HeaderView.xib */ = {isa = PBXFileReference; fileEncoding = 4; lastKnownFileType = file.xib; path = HeaderView.xib; sourceTree = "<group>"; };
		A935495D1DAF8DCD0077E85C /* UserInfoViewController.h */ = {isa = PBXFileReference; fileEncoding = 4; lastKnownFileType = sourcecode.c.h; path = UserInfoViewController.h; sourceTree = "<group>"; };
		A935495E1DAF8DCD0077E85C /* UserInfoViewController.m */ = {isa = PBXFileReference; fileEncoding = 4; lastKnownFileType = sourcecode.c.objc; path = UserInfoViewController.m; sourceTree = "<group>"; };
		A93549601DAF8E0E0077E85C /* SystemSettingViewController.h */ = {isa = PBXFileReference; fileEncoding = 4; lastKnownFileType = sourcecode.c.h; path = SystemSettingViewController.h; sourceTree = "<group>"; };
		A93549611DAF8E0E0077E85C /* SystemSettingViewController.m */ = {isa = PBXFileReference; fileEncoding = 4; lastKnownFileType = sourcecode.c.objc; path = SystemSettingViewController.m; sourceTree = "<group>"; };
		A93549631DAF8E320077E85C /* SampleRepportViewController.h */ = {isa = PBXFileReference; fileEncoding = 4; lastKnownFileType = sourcecode.c.h; path = SampleRepportViewController.h; sourceTree = "<group>"; };
		A93549641DAF8E320077E85C /* SampleRepportViewController.m */ = {isa = PBXFileReference; fileEncoding = 4; lastKnownFileType = sourcecode.c.objc; path = SampleRepportViewController.m; sourceTree = "<group>"; };
		A93549661DAF9D340077E85C /* IconCell.h */ = {isa = PBXFileReference; fileEncoding = 4; lastKnownFileType = sourcecode.c.h; path = IconCell.h; sourceTree = "<group>"; };
		A93549671DAF9D340077E85C /* IconCell.m */ = {isa = PBXFileReference; fileEncoding = 4; lastKnownFileType = sourcecode.c.objc; path = IconCell.m; sourceTree = "<group>"; };
		A93549681DAF9D340077E85C /* IconCell.xib */ = {isa = PBXFileReference; fileEncoding = 4; lastKnownFileType = file.xib; path = IconCell.xib; sourceTree = "<group>"; };
		A935496C1DAFA8610077E85C /* ADScrollView.h */ = {isa = PBXFileReference; fileEncoding = 4; lastKnownFileType = sourcecode.c.h; path = ADScrollView.h; sourceTree = "<group>"; };
		A935496D1DAFA8610077E85C /* ADScrollView.m */ = {isa = PBXFileReference; fileEncoding = 4; lastKnownFileType = sourcecode.c.objc; path = ADScrollView.m; sourceTree = "<group>"; };
		A935496F1DAFAA040077E85C /* NSTimer+Addition.h */ = {isa = PBXFileReference; fileEncoding = 4; lastKnownFileType = sourcecode.c.h; path = "NSTimer+Addition.h"; sourceTree = "<group>"; };
		A93549701DAFAA040077E85C /* NSTimer+Addition.m */ = {isa = PBXFileReference; fileEncoding = 4; lastKnownFileType = sourcecode.c.objc; path = "NSTimer+Addition.m"; sourceTree = "<group>"; };
		A93549721DB0780A0077E85C /* InformationCell.h */ = {isa = PBXFileReference; fileEncoding = 4; lastKnownFileType = sourcecode.c.h; path = InformationCell.h; sourceTree = "<group>"; };
		A93549731DB0780A0077E85C /* InformationCell.m */ = {isa = PBXFileReference; fileEncoding = 4; lastKnownFileType = sourcecode.c.objc; path = InformationCell.m; sourceTree = "<group>"; };
		A93549741DB0780A0077E85C /* InformationCell.xib */ = {isa = PBXFileReference; fileEncoding = 4; lastKnownFileType = file.xib; path = InformationCell.xib; sourceTree = "<group>"; };
		A93549801DB0A5920077E85C /* UserManager.h */ = {isa = PBXFileReference; fileEncoding = 4; lastKnownFileType = sourcecode.c.h; path = UserManager.h; sourceTree = "<group>"; };
		A93549811DB0A5920077E85C /* UserManager.m */ = {isa = PBXFileReference; fileEncoding = 4; lastKnownFileType = sourcecode.c.objc; path = UserManager.m; sourceTree = "<group>"; };
		A93549831DB0A8890077E85C /* UserModel.h */ = {isa = PBXFileReference; fileEncoding = 4; lastKnownFileType = sourcecode.c.h; path = UserModel.h; sourceTree = "<group>"; };
		A93549841DB0A8890077E85C /* UserModel.m */ = {isa = PBXFileReference; fileEncoding = 4; lastKnownFileType = sourcecode.c.objc; path = UserModel.m; sourceTree = "<group>"; };
		A93549861DB0B21E0077E85C /* iflyMSC.framework */ = {isa = PBXFileReference; lastKnownFileType = wrapper.framework; path = iflyMSC.framework; sourceTree = "<group>"; };
		A93549881DB0B26A0077E85C /* libz.tbd */ = {isa = PBXFileReference; lastKnownFileType = "sourcecode.text-based-dylib-definition"; name = libz.tbd; path = usr/lib/libz.tbd; sourceTree = SDKROOT; };
		A935498A1DB0B2730077E85C /* AVFoundation.framework */ = {isa = PBXFileReference; lastKnownFileType = wrapper.framework; name = AVFoundation.framework; path = System/Library/Frameworks/AVFoundation.framework; sourceTree = SDKROOT; };
		A935498C1DB0B2880077E85C /* SystemConfiguration.framework */ = {isa = PBXFileReference; lastKnownFileType = wrapper.framework; name = SystemConfiguration.framework; path = System/Library/Frameworks/SystemConfiguration.framework; sourceTree = SDKROOT; };
		A935498E1DB0B2940077E85C /* Foundation.framework */ = {isa = PBXFileReference; lastKnownFileType = wrapper.framework; name = Foundation.framework; path = System/Library/Frameworks/Foundation.framework; sourceTree = SDKROOT; };
		A93549901DB0B2A00077E85C /* CoreTelephony.framework */ = {isa = PBXFileReference; lastKnownFileType = wrapper.framework; name = CoreTelephony.framework; path = System/Library/Frameworks/CoreTelephony.framework; sourceTree = SDKROOT; };
		A93549921DB0B2AC0077E85C /* AudioToolbox.framework */ = {isa = PBXFileReference; lastKnownFileType = wrapper.framework; name = AudioToolbox.framework; path = System/Library/Frameworks/AudioToolbox.framework; sourceTree = SDKROOT; };
		A93549941DB0B2B30077E85C /* UIKit.framework */ = {isa = PBXFileReference; lastKnownFileType = wrapper.framework; name = UIKit.framework; path = System/Library/Frameworks/UIKit.framework; sourceTree = SDKROOT; };
		A93549961DB0B2BB0077E85C /* CoreLocation.framework */ = {isa = PBXFileReference; lastKnownFileType = wrapper.framework; name = CoreLocation.framework; path = System/Library/Frameworks/CoreLocation.framework; sourceTree = SDKROOT; };
		A93549981DB0B2D40077E85C /* AddressBook.framework */ = {isa = PBXFileReference; lastKnownFileType = wrapper.framework; name = AddressBook.framework; path = System/Library/Frameworks/AddressBook.framework; sourceTree = SDKROOT; };
		A935499A1DB0B2DE0077E85C /* QuartzCore.framework */ = {isa = PBXFileReference; lastKnownFileType = wrapper.framework; name = QuartzCore.framework; path = System/Library/Frameworks/QuartzCore.framework; sourceTree = SDKROOT; };
		A935499C1DB0B2E70077E85C /* CoreGraphics.framework */ = {isa = PBXFileReference; lastKnownFileType = wrapper.framework; name = CoreGraphics.framework; path = System/Library/Frameworks/CoreGraphics.framework; sourceTree = SDKROOT; };
		A9388DA11DBA367C00210224 /* AnalyCell.h */ = {isa = PBXFileReference; fileEncoding = 4; lastKnownFileType = sourcecode.c.h; path = AnalyCell.h; sourceTree = "<group>"; };
		A9388DA21DBA367C00210224 /* AnalyCell.m */ = {isa = PBXFileReference; fileEncoding = 4; lastKnownFileType = sourcecode.c.objc; path = AnalyCell.m; sourceTree = "<group>"; };
		A9388DA31DBA367C00210224 /* AnalyCell.xib */ = {isa = PBXFileReference; fileEncoding = 4; lastKnownFileType = file.xib; path = AnalyCell.xib; sourceTree = "<group>"; };
		A9388DA71DBB0CD000210224 /* UserTextCell.h */ = {isa = PBXFileReference; fileEncoding = 4; lastKnownFileType = sourcecode.c.h; path = UserTextCell.h; sourceTree = "<group>"; };
		A9388DA81DBB0CD000210224 /* UserTextCell.m */ = {isa = PBXFileReference; fileEncoding = 4; lastKnownFileType = sourcecode.c.objc; path = UserTextCell.m; sourceTree = "<group>"; };
		A9388DA91DBB0CD000210224 /* UserTextCell.xib */ = {isa = PBXFileReference; fileEncoding = 4; lastKnownFileType = file.xib; path = UserTextCell.xib; sourceTree = "<group>"; };
		A9388DAD1DBB0CD700210224 /* DoctorReplyCell.h */ = {isa = PBXFileReference; fileEncoding = 4; lastKnownFileType = sourcecode.c.h; path = DoctorReplyCell.h; sourceTree = "<group>"; };
		A9388DAE1DBB0CD700210224 /* DoctorReplyCell.m */ = {isa = PBXFileReference; fileEncoding = 4; lastKnownFileType = sourcecode.c.objc; path = DoctorReplyCell.m; sourceTree = "<group>"; };
		A9388DAF1DBB0CD700210224 /* DoctorReplyCell.xib */ = {isa = PBXFileReference; fileEncoding = 4; lastKnownFileType = file.xib; path = DoctorReplyCell.xib; sourceTree = "<group>"; };
		A9388DB21DBB0D2500210224 /* UserReportCell.h */ = {isa = PBXFileReference; fileEncoding = 4; lastKnownFileType = sourcecode.c.h; path = UserReportCell.h; sourceTree = "<group>"; };
		A9388DB31DBB0D2500210224 /* UserReportCell.m */ = {isa = PBXFileReference; fileEncoding = 4; lastKnownFileType = sourcecode.c.objc; path = UserReportCell.m; sourceTree = "<group>"; };
		A9388DB41DBB0D2500210224 /* UserReportCell.xib */ = {isa = PBXFileReference; fileEncoding = 4; lastKnownFileType = file.xib; path = UserReportCell.xib; sourceTree = "<group>"; };
		A9388DB81DBB40B900210224 /* AddReportViewController.h */ = {isa = PBXFileReference; fileEncoding = 4; lastKnownFileType = sourcecode.c.h; path = AddReportViewController.h; sourceTree = "<group>"; };
		A9388DB91DBB40B900210224 /* AddReportViewController.m */ = {isa = PBXFileReference; fileEncoding = 4; lastKnownFileType = sourcecode.c.objc; path = AddReportViewController.m; sourceTree = "<group>"; };
		A9388DBA1DBB40B900210224 /* AddReportViewController.xib */ = {isa = PBXFileReference; fileEncoding = 4; lastKnownFileType = file.xib; path = AddReportViewController.xib; sourceTree = "<group>"; };
		A9388DBB1DBB40B900210224 /* ReportAnalyViewController.h */ = {isa = PBXFileReference; fileEncoding = 4; lastKnownFileType = sourcecode.c.h; path = ReportAnalyViewController.h; sourceTree = "<group>"; };
		A9388DBC1DBB40B900210224 /* ReportAnalyViewController.m */ = {isa = PBXFileReference; fileEncoding = 4; lastKnownFileType = sourcecode.c.objc; path = ReportAnalyViewController.m; sourceTree = "<group>"; };
		A9388DBD1DBB40B900210224 /* ReportDetailViewController.h */ = {isa = PBXFileReference; fileEncoding = 4; lastKnownFileType = sourcecode.c.h; path = ReportDetailViewController.h; sourceTree = "<group>"; };
		A9388DBE1DBB40B900210224 /* ReportDetailViewController.m */ = {isa = PBXFileReference; fileEncoding = 4; lastKnownFileType = sourcecode.c.objc; path = ReportDetailViewController.m; sourceTree = "<group>"; };
		A9388DBF1DBB40B900210224 /* ReportExceptionsViewController.h */ = {isa = PBXFileReference; fileEncoding = 4; lastKnownFileType = sourcecode.c.h; path = ReportExceptionsViewController.h; sourceTree = "<group>"; };
		A9388DC01DBB40B900210224 /* ReportExceptionsViewController.m */ = {isa = PBXFileReference; fileEncoding = 4; lastKnownFileType = sourcecode.c.objc; path = ReportExceptionsViewController.m; sourceTree = "<group>"; };
		A9388DC11DBB40B900210224 /* ReportListViewController.h */ = {isa = PBXFileReference; fileEncoding = 4; lastKnownFileType = sourcecode.c.h; path = ReportListViewController.h; sourceTree = "<group>"; };
		A9388DC21DBB40B900210224 /* ReportListViewController.m */ = {isa = PBXFileReference; fileEncoding = 4; lastKnownFileType = sourcecode.c.objc; path = ReportListViewController.m; sourceTree = "<group>"; };
		A9388DC31DBB40B900210224 /* ReportViewController.h */ = {isa = PBXFileReference; fileEncoding = 4; lastKnownFileType = sourcecode.c.h; path = ReportViewController.h; sourceTree = "<group>"; };
		A9388DC41DBB40B900210224 /* ReportViewController.m */ = {isa = PBXFileReference; fileEncoding = 4; lastKnownFileType = sourcecode.c.objc; path = ReportViewController.m; sourceTree = "<group>"; };
		A9388DCC1DBB522300210224 /* MBProgressHUD.h */ = {isa = PBXFileReference; fileEncoding = 4; lastKnownFileType = sourcecode.c.h; path = MBProgressHUD.h; sourceTree = "<group>"; };
		A9388DCD1DBB522300210224 /* MBProgressHUD.m */ = {isa = PBXFileReference; fileEncoding = 4; lastKnownFileType = sourcecode.c.objc; path = MBProgressHUD.m; sourceTree = "<group>"; };
		A93C60CA1DB4CD970024180F /* ConsultViewController.h */ = {isa = PBXFileReference; fileEncoding = 4; lastKnownFileType = sourcecode.c.h; path = ConsultViewController.h; sourceTree = "<group>"; };
		A93C60CB1DB4CD970024180F /* ConsultViewController.m */ = {isa = PBXFileReference; fileEncoding = 4; lastKnownFileType = sourcecode.c.objc; path = ConsultViewController.m; sourceTree = "<group>"; };
		A93C60E11DB4D3980024180F /* InformationViewController.h */ = {isa = PBXFileReference; fileEncoding = 4; lastKnownFileType = sourcecode.c.h; path = InformationViewController.h; sourceTree = "<group>"; };
		A93C60E21DB4D3980024180F /* InformationViewController.m */ = {isa = PBXFileReference; fileEncoding = 4; lastKnownFileType = sourcecode.c.objc; path = InformationViewController.m; sourceTree = "<group>"; };
		A9411B241DAA3DB800B69967 /* AppDelegate.h */ = {isa = PBXFileReference; fileEncoding = 4; lastKnownFileType = sourcecode.c.h; path = AppDelegate.h; sourceTree = "<group>"; };
		A9411B251DAA3DB800B69967 /* AppDelegate.m */ = {isa = PBXFileReference; fileEncoding = 4; lastKnownFileType = sourcecode.c.objc; path = AppDelegate.m; sourceTree = "<group>"; };
		A942CEB41DAB44140049805A /* Foundation+Log.m */ = {isa = PBXFileReference; fileEncoding = 4; lastKnownFileType = sourcecode.c.objc; path = "Foundation+Log.m"; sourceTree = "<group>"; };
		A9610D461DB109D60062CE93 /* ZSType.h */ = {isa = PBXFileReference; fileEncoding = 4; lastKnownFileType = sourcecode.c.h; path = ZSType.h; sourceTree = "<group>"; };
		A9610D471DB109D60062CE93 /* ZSType.m */ = {isa = PBXFileReference; fileEncoding = 4; lastKnownFileType = sourcecode.c.objc; path = ZSType.m; sourceTree = "<group>"; };
		A9610D751DB491100062CE93 /* DoctorInfoView.h */ = {isa = PBXFileReference; fileEncoding = 4; lastKnownFileType = sourcecode.c.h; path = DoctorInfoView.h; sourceTree = "<group>"; };
		A9610D761DB491100062CE93 /* DoctorInfoView.m */ = {isa = PBXFileReference; fileEncoding = 4; lastKnownFileType = sourcecode.c.objc; path = DoctorInfoView.m; sourceTree = "<group>"; };
		A9610D781DB491270062CE93 /* DoctorInfoView.xib */ = {isa = PBXFileReference; fileEncoding = 4; lastKnownFileType = file.xib; path = DoctorInfoView.xib; sourceTree = "<group>"; };
		A99C3CCE1DB8B65F002FE8A3 /* ReportView.h */ = {isa = PBXFileReference; fileEncoding = 4; lastKnownFileType = sourcecode.c.h; path = ReportView.h; sourceTree = "<group>"; };
		A99C3CCF1DB8B65F002FE8A3 /* ReportView.m */ = {isa = PBXFileReference; fileEncoding = 4; lastKnownFileType = sourcecode.c.objc; path = ReportView.m; sourceTree = "<group>"; };
		A99C3CD11DB8B7A2002FE8A3 /* HZSliderView.h */ = {isa = PBXFileReference; fileEncoding = 4; lastKnownFileType = sourcecode.c.h; path = HZSliderView.h; sourceTree = "<group>"; };
		A99C3CD21DB8B7A2002FE8A3 /* HZSliderView.m */ = {isa = PBXFileReference; fileEncoding = 4; lastKnownFileType = sourcecode.c.objc; path = HZSliderView.m; sourceTree = "<group>"; };
		A99C3CD91DB8C486002FE8A3 /* ReportItemCell.h */ = {isa = PBXFileReference; fileEncoding = 4; lastKnownFileType = sourcecode.c.h; path = ReportItemCell.h; sourceTree = "<group>"; };
		A99C3CDA1DB8C486002FE8A3 /* ReportItemCell.m */ = {isa = PBXFileReference; fileEncoding = 4; lastKnownFileType = sourcecode.c.objc; path = ReportItemCell.m; sourceTree = "<group>"; };
		A99C3CDB1DB8C486002FE8A3 /* ReportItemCell.xib */ = {isa = PBXFileReference; fileEncoding = 4; lastKnownFileType = file.xib; path = ReportItemCell.xib; sourceTree = "<group>"; };
		A9BBAD5B1DAA336000BAF4D1 /* PlamExam.app */ = {isa = PBXFileReference; explicitFileType = wrapper.application; includeInIndex = 0; path = PlamExam.app; sourceTree = BUILT_PRODUCTS_DIR; };
		A9BBAD5F1DAA336000BAF4D1 /* main.m */ = {isa = PBXFileReference; lastKnownFileType = sourcecode.c.objc; path = main.m; sourceTree = "<group>"; };
		A9BBAD6A1DAA336000BAF4D1 /* Images.xcassets */ = {isa = PBXFileReference; lastKnownFileType = folder.assetcatalog; path = Images.xcassets; sourceTree = "<group>"; };
		A9BBAD6D1DAA336000BAF4D1 /* Base */ = {isa = PBXFileReference; lastKnownFileType = file.storyboard; name = Base; path = Base.lproj/LaunchScreen.storyboard; sourceTree = "<group>"; };
		A9BBAD6F1DAA336000BAF4D1 /* Info.plist */ = {isa = PBXFileReference; lastKnownFileType = text.plist.xml; path = Info.plist; sourceTree = "<group>"; };
		A9C92CD71DB4EFA500034DA5 /* ChatModel.h */ = {isa = PBXFileReference; fileEncoding = 4; lastKnownFileType = sourcecode.c.h; path = ChatModel.h; sourceTree = "<group>"; };
		A9C92CD81DB4EFA500034DA5 /* ChatModel.m */ = {isa = PBXFileReference; fileEncoding = 4; lastKnownFileType = sourcecode.c.objc; path = ChatModel.m; sourceTree = "<group>"; };
		A9C92CDA1DB4F05200034DA5 /* ChatData.h */ = {isa = PBXFileReference; fileEncoding = 4; lastKnownFileType = sourcecode.c.h; path = ChatData.h; sourceTree = "<group>"; };
		A9C92CDB1DB4F05200034DA5 /* ChatData.m */ = {isa = PBXFileReference; fileEncoding = 4; lastKnownFileType = sourcecode.c.objc; path = ChatData.m; sourceTree = "<group>"; };
		A9C92CE11DB5C0AE00034DA5 /* ZLCWebView.h */ = {isa = PBXFileReference; fileEncoding = 4; lastKnownFileType = sourcecode.c.h; path = ZLCWebView.h; sourceTree = "<group>"; };
		A9C92CE21DB5C0AE00034DA5 /* ZLCWebView.m */ = {isa = PBXFileReference; fileEncoding = 4; lastKnownFileType = sourcecode.c.objc; path = ZLCWebView.m; sourceTree = "<group>"; };
		A9C92CE51DB5D5E000034DA5 /* HZBadgeView.h */ = {isa = PBXFileReference; fileEncoding = 4; lastKnownFileType = sourcecode.c.h; path = HZBadgeView.h; sourceTree = "<group>"; };
		A9C92CE61DB5D5E000034DA5 /* HZBadgeView.m */ = {isa = PBXFileReference; fileEncoding = 4; lastKnownFileType = sourcecode.c.objc; path = HZBadgeView.m; sourceTree = "<group>"; };
		A9C92CF51DB5ED9500034DA5 /* UIBarButtonItem+WZLBadge.h */ = {isa = PBXFileReference; fileEncoding = 4; lastKnownFileType = sourcecode.c.h; path = "UIBarButtonItem+WZLBadge.h"; sourceTree = "<group>"; };
		A9C92CF61DB5ED9500034DA5 /* UIBarButtonItem+WZLBadge.m */ = {isa = PBXFileReference; fileEncoding = 4; lastKnownFileType = sourcecode.c.objc; path = "UIBarButtonItem+WZLBadge.m"; sourceTree = "<group>"; };
		A9C92CF71DB5ED9500034DA5 /* UITabBarItem+WZLBadge.h */ = {isa = PBXFileReference; fileEncoding = 4; lastKnownFileType = sourcecode.c.h; path = "UITabBarItem+WZLBadge.h"; sourceTree = "<group>"; };
		A9C92CF81DB5ED9500034DA5 /* UITabBarItem+WZLBadge.m */ = {isa = PBXFileReference; fileEncoding = 4; lastKnownFileType = sourcecode.c.objc; path = "UITabBarItem+WZLBadge.m"; sourceTree = "<group>"; };
		A9C92CFA1DB5ED9500034DA5 /* CAAnimation+WAnimation.h */ = {isa = PBXFileReference; fileEncoding = 4; lastKnownFileType = sourcecode.c.h; path = "CAAnimation+WAnimation.h"; sourceTree = "<group>"; };
		A9C92CFB1DB5ED9500034DA5 /* CAAnimation+WAnimation.m */ = {isa = PBXFileReference; fileEncoding = 4; lastKnownFileType = sourcecode.c.objc; path = "CAAnimation+WAnimation.m"; sourceTree = "<group>"; };
		A9C92CFD1DB5ED9500034DA5 /* WZLBadgeProtocol.h */ = {isa = PBXFileReference; fileEncoding = 4; lastKnownFileType = sourcecode.c.h; path = WZLBadgeProtocol.h; sourceTree = "<group>"; };
		A9C92CFF1DB5ED9500034DA5 /* UIView+WZLBadge.h */ = {isa = PBXFileReference; fileEncoding = 4; lastKnownFileType = sourcecode.c.h; path = "UIView+WZLBadge.h"; sourceTree = "<group>"; };
		A9C92D001DB5ED9500034DA5 /* UIView+WZLBadge.m */ = {isa = PBXFileReference; fileEncoding = 4; lastKnownFileType = sourcecode.c.objc; path = "UIView+WZLBadge.m"; sourceTree = "<group>"; };
		A9C92D011DB5ED9500034DA5 /* WZLBadgeImport.h */ = {isa = PBXFileReference; fileEncoding = 4; lastKnownFileType = sourcecode.c.h; path = WZLBadgeImport.h; sourceTree = "<group>"; };
		A9C92D0A1DB6036600034DA5 /* AdScrollerViewData.h */ = {isa = PBXFileReference; fileEncoding = 4; lastKnownFileType = sourcecode.c.h; path = AdScrollerViewData.h; sourceTree = "<group>"; };
		A9C92D0B1DB6036600034DA5 /* AdScrollerViewData.m */ = {isa = PBXFileReference; fileEncoding = 4; lastKnownFileType = sourcecode.c.objc; path = AdScrollerViewData.m; sourceTree = "<group>"; };
		A9C92D0E1DB6114700034DA5 /* SZCirculationImageView.h */ = {isa = PBXFileReference; fileEncoding = 4; lastKnownFileType = sourcecode.c.h; path = SZCirculationImageView.h; sourceTree = "<group>"; };
		A9C92D0F1DB6114700034DA5 /* SZCirculationImageView.m */ = {isa = PBXFileReference; fileEncoding = 4; lastKnownFileType = sourcecode.c.objc; path = SZCirculationImageView.m; sourceTree = "<group>"; };
		A9C92D111DB6277A00034DA5 /* HomeAdManager.h */ = {isa = PBXFileReference; fileEncoding = 4; lastKnownFileType = sourcecode.c.h; path = HomeAdManager.h; sourceTree = "<group>"; };
		A9C92D121DB6277A00034DA5 /* HomeAdManager.m */ = {isa = PBXFileReference; fileEncoding = 4; lastKnownFileType = sourcecode.c.objc; path = HomeAdManager.m; sourceTree = "<group>"; };
		A9C92D141DB7065900034DA5 /* BatchRequestParam.h */ = {isa = PBXFileReference; fileEncoding = 4; lastKnownFileType = sourcecode.c.h; path = BatchRequestParam.h; sourceTree = "<group>"; };
		A9C92D151DB7065900034DA5 /* BatchRequestParam.m */ = {isa = PBXFileReference; fileEncoding = 4; lastKnownFileType = sourcecode.c.objc; path = BatchRequestParam.m; sourceTree = "<group>"; };
		A9C92D161DB7065900034DA5 /* Doctor.h */ = {isa = PBXFileReference; fileEncoding = 4; lastKnownFileType = sourcecode.c.h; path = Doctor.h; sourceTree = "<group>"; };
		A9C92D171DB7065900034DA5 /* Doctor.m */ = {isa = PBXFileReference; fileEncoding = 4; lastKnownFileType = sourcecode.c.objc; path = Doctor.m; sourceTree = "<group>"; };
		A9C92D181DB7065900034DA5 /* HttpRequestResult.h */ = {isa = PBXFileReference; fileEncoding = 4; lastKnownFileType = sourcecode.c.h; path = HttpRequestResult.h; sourceTree = "<group>"; };
		A9C92D191DB7065900034DA5 /* HttpRequestResult.m */ = {isa = PBXFileReference; fileEncoding = 4; lastKnownFileType = sourcecode.c.objc; path = HttpRequestResult.m; sourceTree = "<group>"; };
		A9C92D1D1DB7069600034DA5 /* AFNetworkingProxy.h */ = {isa = PBXFileReference; fileEncoding = 4; lastKnownFileType = sourcecode.c.h; path = AFNetworkingProxy.h; sourceTree = "<group>"; };
		A9C92D1E1DB7069600034DA5 /* AFNetworkingProxy.m */ = {isa = PBXFileReference; fileEncoding = 4; lastKnownFileType = sourcecode.c.objc; path = AFNetworkingProxy.m; sourceTree = "<group>"; };
		A9C92D1F1DB7069600034DA5 /* CommonUtil.h */ = {isa = PBXFileReference; fileEncoding = 4; lastKnownFileType = sourcecode.c.h; path = CommonUtil.h; sourceTree = "<group>"; };
		A9C92D201DB7069600034DA5 /* CommonUtil.m */ = {isa = PBXFileReference; fileEncoding = 4; lastKnownFileType = sourcecode.c.objc; path = CommonUtil.m; sourceTree = "<group>"; };
		A9C92D211DB7069600034DA5 /* HttpBatchRequestHelper.h */ = {isa = PBXFileReference; fileEncoding = 4; lastKnownFileType = sourcecode.c.h; path = HttpBatchRequestHelper.h; sourceTree = "<group>"; };
		A9C92D221DB7069600034DA5 /* HttpBatchRequestHelper.m */ = {isa = PBXFileReference; fileEncoding = 4; lastKnownFileType = sourcecode.c.objc; path = HttpBatchRequestHelper.m; sourceTree = "<group>"; };
		A9C92D231DB7069600034DA5 /* HttpHelper.h */ = {isa = PBXFileReference; fileEncoding = 4; lastKnownFileType = sourcecode.c.h; path = HttpHelper.h; sourceTree = "<group>"; };
		A9C92D241DB7069600034DA5 /* HttpHelper.m */ = {isa = PBXFileReference; fileEncoding = 4; lastKnownFileType = sourcecode.c.objc; path = HttpHelper.m; sourceTree = "<group>"; };
		A9C92D291DB706E800034DA5 /* PlamExam-Prefix.pch */ = {isa = PBXFileReference; fileEncoding = 4; lastKnownFileType = sourcecode.c.h; path = "PlamExam-Prefix.pch"; sourceTree = "<group>"; };
		A9C92D2A1DB718DE00034DA5 /* CommentViewController.h */ = {isa = PBXFileReference; fileEncoding = 4; lastKnownFileType = sourcecode.c.h; path = CommentViewController.h; sourceTree = "<group>"; };
		A9C92D2B1DB718DE00034DA5 /* CommentViewController.m */ = {isa = PBXFileReference; fileEncoding = 4; lastKnownFileType = sourcecode.c.objc; path = CommentViewController.m; sourceTree = "<group>"; };
		A9C92D2C1DB718DE00034DA5 /* CommentViewController.xib */ = {isa = PBXFileReference; fileEncoding = 4; lastKnownFileType = file.xib; path = CommentViewController.xib; sourceTree = "<group>"; };
		A9C92D301DB71AAB00034DA5 /* HYBStarEvaluationView.h */ = {isa = PBXFileReference; fileEncoding = 4; lastKnownFileType = sourcecode.c.h; path = HYBStarEvaluationView.h; sourceTree = "<group>"; };
		A9C92D311DB71AAB00034DA5 /* HYBStarEvaluationView.m */ = {isa = PBXFileReference; fileEncoding = 4; lastKnownFileType = sourcecode.c.objc; path = HYBStarEvaluationView.m; sourceTree = "<group>"; };
		A9C92D321DB71AAB00034DA5 /* star_gray.png */ = {isa = PBXFileReference; lastKnownFileType = image.png; path = star_gray.png; sourceTree = "<group>"; };
		A9C92D331DB71AAB00034DA5 /* star_yellow.png */ = {isa = PBXFileReference; lastKnownFileType = image.png; path = star_yellow.png; sourceTree = "<group>"; };
		A9C92D3A1DB7974600034DA5 /* HomeModel.h */ = {isa = PBXFileReference; fileEncoding = 4; lastKnownFileType = sourcecode.c.h; path = HomeModel.h; sourceTree = "<group>"; };
		A9C92D3B1DB7974600034DA5 /* HomeModel.m */ = {isa = PBXFileReference; fileEncoding = 4; lastKnownFileType = sourcecode.c.objc; path = HomeModel.m; sourceTree = "<group>"; };
		A9C92D3D1DB797C500034DA5 /* Notice.h */ = {isa = PBXFileReference; fileEncoding = 4; lastKnownFileType = sourcecode.c.h; path = Notice.h; sourceTree = "<group>"; };
		A9C92D3E1DB797C500034DA5 /* Notice.m */ = {isa = PBXFileReference; fileEncoding = 4; lastKnownFileType = sourcecode.c.objc; path = Notice.m; sourceTree = "<group>"; };
		A9DB5A711DB0DD70000BEDF4 /* User.h */ = {isa = PBXFileReference; fileEncoding = 4; lastKnownFileType = sourcecode.c.h; path = User.h; sourceTree = "<group>"; };
		A9DB5A721DB0DD70000BEDF4 /* User.m */ = {isa = PBXFileReference; fileEncoding = 4; lastKnownFileType = sourcecode.c.objc; path = User.m; sourceTree = "<group>"; };
		A9DB5A831DB0E930000BEDF4 /* edit_voiceinput@2x.png */ = {isa = PBXFileReference; lastKnownFileType = image.png; path = "edit_voiceinput@2x.png"; sourceTree = "<group>"; };
		A9DB5A841DB0E930000BEDF4 /* edit_voiceinput@3x.png */ = {isa = PBXFileReference; lastKnownFileType = image.png; path = "edit_voiceinput@3x.png"; sourceTree = "<group>"; };
		A9DB5A851DB0E930000BEDF4 /* GFWaterView.h */ = {isa = PBXFileReference; fileEncoding = 4; lastKnownFileType = sourcecode.c.h; path = GFWaterView.h; sourceTree = "<group>"; };
		A9DB5A861DB0E930000BEDF4 /* GFWaterView.m */ = {isa = PBXFileReference; fileEncoding = 4; lastKnownFileType = sourcecode.c.objc; path = GFWaterView.m; sourceTree = "<group>"; };
		A9DB5A871DB0E930000BEDF4 /* HZRecognizer.h */ = {isa = PBXFileReference; fileEncoding = 4; lastKnownFileType = sourcecode.c.h; path = HZRecognizer.h; sourceTree = "<group>"; };
		A9DB5A881DB0E930000BEDF4 /* HZRecognizer.m */ = {isa = PBXFileReference; fileEncoding = 4; lastKnownFileType = sourcecode.c.objc; path = HZRecognizer.m; sourceTree = "<group>"; };
		A9DB5A891DB0E930000BEDF4 /* HZRecognizerView.h */ = {isa = PBXFileReference; fileEncoding = 4; lastKnownFileType = sourcecode.c.h; path = HZRecognizerView.h; sourceTree = "<group>"; };
		A9DB5A8A1DB0E930000BEDF4 /* HZRecognizerView.m */ = {isa = PBXFileReference; fileEncoding = 4; lastKnownFileType = sourcecode.c.objc; path = HZRecognizerView.m; sourceTree = "<group>"; };
		FAD7AE538DED5CCD686F6757 /* Pods-PlamExam.debug.xcconfig */ = {isa = PBXFileReference; includeInIndex = 1; lastKnownFileType = text.xcconfig; name = "Pods-PlamExam.debug.xcconfig"; path = "Pods/Target Support Files/Pods-PlamExam/Pods-PlamExam.debug.xcconfig"; sourceTree = "<group>"; };
/* End PBXFileReference section */

/* Begin PBXFrameworksBuildPhase section */
		A9BBAD581DAA336000BAF4D1 /* Frameworks */ = {
			isa = PBXFrameworksBuildPhase;
			buildActionMask = 2147483647;
			files = (
				A935499D1DB0B2E70077E85C /* CoreGraphics.framework in Frameworks */,
				A935499B1DB0B2DE0077E85C /* QuartzCore.framework in Frameworks */,
				A93549991DB0B2D40077E85C /* AddressBook.framework in Frameworks */,
				A93549971DB0B2BB0077E85C /* CoreLocation.framework in Frameworks */,
				A93549951DB0B2B30077E85C /* UIKit.framework in Frameworks */,
				A93549931DB0B2AC0077E85C /* AudioToolbox.framework in Frameworks */,
				A93549911DB0B2A00077E85C /* CoreTelephony.framework in Frameworks */,
				A935498F1DB0B2940077E85C /* Foundation.framework in Frameworks */,
				A935498D1DB0B2880077E85C /* SystemConfiguration.framework in Frameworks */,
				A935498B1DB0B2730077E85C /* AVFoundation.framework in Frameworks */,
				A93549891DB0B26A0077E85C /* libz.tbd in Frameworks */,
				A93549871DB0B21E0077E85C /* iflyMSC.framework in Frameworks */,
				FD46ED38168FED9D2479E42A /* libPods-PlamExam.a in Frameworks */,
			);
			runOnlyForDeploymentPostprocessing = 0;
		};
/* End PBXFrameworksBuildPhase section */

/* Begin PBXGroup section */
		A935489F1DAB95E10077E85C /* Domains */ = {
			isa = PBXGroup;
			children = (
				A9C92D3D1DB797C500034DA5 /* Notice.h */,
				A9C92D3E1DB797C500034DA5 /* Notice.m */,
				A9C92D141DB7065900034DA5 /* BatchRequestParam.h */,
				A9C92D151DB7065900034DA5 /* BatchRequestParam.m */,
				A9C92D161DB7065900034DA5 /* Doctor.h */,
				A9C92D171DB7065900034DA5 /* Doctor.m */,
				A9C92D181DB7065900034DA5 /* HttpRequestResult.h */,
				A9C92D191DB7065900034DA5 /* HttpRequestResult.m */,
				A9DB5A711DB0DD70000BEDF4 /* User.h */,
				A9DB5A721DB0DD70000BEDF4 /* User.m */,
				A9C92CDA1DB4F05200034DA5 /* ChatData.h */,
				A9C92CDB1DB4F05200034DA5 /* ChatData.m */,
				A9C92D0A1DB6036600034DA5 /* AdScrollerViewData.h */,
				A9C92D0B1DB6036600034DA5 /* AdScrollerViewData.m */,
				A5A01E971DB79AF4006C64E0 /* ReportSimple.h */,
				A5A01E981DB79AF4006C64E0 /* ReportSimple.m */,
				A5A01E9D1DB7A04E006C64E0 /* ReportBatch.h */,
				A5A01E9E1DB7A04E006C64E0 /* ReportBatch.m */,
				A5A01EA11DB7A4AF006C64E0 /* ReportInfo.h */,
				A5A01EA21DB7A4AF006C64E0 /* ReportInfo.m */,
				A5A01EA71DB8A888006C64E0 /* NewsSimple.h */,
				A5A01EA81DB8A888006C64E0 /* NewsSimple.m */,
				A5A01EAA1DB8AC0C006C64E0 /* NewsInfo.h */,
				A5A01EAB1DB8AC0C006C64E0 /* NewsInfo.m */,
			);
			path = Domains;
			sourceTree = "<group>";
		};
		A93548B01DAB973B0077E85C /* Models */ = {
			isa = PBXGroup;
			children = (
				A9C92D061DB6023100034DA5 /* Home */,
				A93549831DB0A8890077E85C /* UserModel.h */,
				A93549841DB0A8890077E85C /* UserModel.m */,
				A9C92CD71DB4EFA500034DA5 /* ChatModel.h */,
				A9C92CD81DB4EFA500034DA5 /* ChatModel.m */,
				A5A01E9A1DB79BA4006C64E0 /* ReportModel.h */,
				A5A01E9B1DB79BA4006C64E0 /* ReportModel.m */,
				A5A01EAD1DB8AF31006C64E0 /* NewsModel.h */,
				A5A01EAE1DB8AF31006C64E0 /* NewsModel.m */,
			);
			path = Models;
			sourceTree = "<group>";
		};
		A93548F91DAF140C0077E85C /* Login */ = {
			isa = PBXGroup;
			children = (
				A93549261DAF37890077E85C /* LoginViewController.h */,
				A93549271DAF37890077E85C /* LoginViewController.m */,
				A93549281DAF37890077E85C /* LoginViewController.xib */,
			);
			path = Login;
			sourceTree = "<group>";
		};
		A93548FF1DAF14CF0077E85C /* Main */ = {
			isa = PBXGroup;
			children = (
				A93549031DAF15FF0077E85C /* HZTabBarController.h */,
				A93549041DAF15FF0077E85C /* HZTabBarController.m */,
				A93549061DAF163F0077E85C /* HZNavigationController.h */,
				A93549071DAF163F0077E85C /* HZNavigationController.m */,
				A93549151DAF1CEE0077E85C /* BaseViewController.h */,
				A93549161DAF1CEE0077E85C /* BaseViewController.m */,
			);
			path = Main;
			sourceTree = "<group>";
		};
		A93549091DAF18C60077E85C /* Home */ = {
			isa = PBXGroup;
			children = (
				A935490C1DAF193D0077E85C /* HomeViewController.h */,
				A935490D1DAF193D0077E85C /* HomeViewController.m */,
				A93C60E11DB4D3980024180F /* InformationViewController.h */,
				A93C60E21DB4D3980024180F /* InformationViewController.m */,
			);
			path = Home;
			sourceTree = "<group>";
		};
		A935490B1DAF18CF0077E85C /* Personal Center */ = {
			isa = PBXGroup;
			children = (
				A93549121DAF19600077E85C /* PersonalViewController.h */,
				A93549131DAF19600077E85C /* PersonalViewController.m */,
				A93549371DAF72140077E85C /* Base */,
				A935495D1DAF8DCD0077E85C /* UserInfoViewController.h */,
				A935495E1DAF8DCD0077E85C /* UserInfoViewController.m */,
				A93549601DAF8E0E0077E85C /* SystemSettingViewController.h */,
				A93549611DAF8E0E0077E85C /* SystemSettingViewController.m */,
				A93549631DAF8E320077E85C /* SampleRepportViewController.h */,
				A93549641DAF8E320077E85C /* SampleRepportViewController.m */,
			);
			path = "Personal Center";
			sourceTree = "<group>";
		};
		A93549371DAF72140077E85C /* Base */ = {
			isa = PBXGroup;
			children = (
				A93549381DAF72140077E85C /* Controller */,
				A935493B1DAF72140077E85C /* items */,
				A93549491DAF72140077E85C /* cells */,
			);
			path = Base;
			sourceTree = "<group>";
		};
		A93549381DAF72140077E85C /* Controller */ = {
			isa = PBXGroup;
			children = (
				A93549391DAF72140077E85C /* BaseSettingViewController.h */,
				A935493A1DAF72140077E85C /* BaseSettingViewController.m */,
			);
			path = Controller;
			sourceTree = "<group>";
		};
		A935493B1DAF72140077E85C /* items */ = {
			isa = PBXGroup;
			children = (
				A935493E1DAF72140077E85C /* BaseSetting.h */,
				A935493F1DAF72140077E85C /* GroupItem.h */,
				A93549401DAF72140077E85C /* GroupItem.m */,
				A93549451DAF72140077E85C /* SettingItem.h */,
				A93549461DAF72140077E85C /* SettingItem.m */,
				A935493C1DAF72140077E85C /* ArrowItem.h */,
				A935493D1DAF72140077E85C /* ArrowItem.m */,
				A93549431DAF72140077E85C /* LabelItem.h */,
				A93549441DAF72140077E85C /* LabelItem.m */,
				A93549471DAF72140077E85C /* SwitchItem.h */,
				A93549481DAF72140077E85C /* SwitchItem.m */,
			);
			name = items;
			path = Model;
			sourceTree = "<group>";
		};
		A93549491DAF72140077E85C /* cells */ = {
			isa = PBXGroup;
			children = (
				A935494C1DAF72140077E85C /* SettingCell.h */,
				A935494D1DAF72140077E85C /* SettingCell.m */,
			);
			name = cells;
			path = View;
			sourceTree = "<group>";
		};
		A93549571DAF86260077E85C /* PersonalView */ = {
			isa = PBXGroup;
			children = (
				A93549581DAF866D0077E85C /* HeaderView.h */,
				A93549591DAF866D0077E85C /* HeaderView.m */,
				A935495A1DAF866D0077E85C /* HeaderView.xib */,
				A93549661DAF9D340077E85C /* IconCell.h */,
				A93549671DAF9D340077E85C /* IconCell.m */,
				A93549681DAF9D340077E85C /* IconCell.xib */,
			);
			path = PersonalView;
			sourceTree = "<group>";
		};
		A935496B1DAFA8430077E85C /* HomeView */ = {
			isa = PBXGroup;
			children = (
				A99C3CCD1DB8B655002FE8A3 /* ReportView */,
				A9C92D0D1DB6114700034DA5 /* SZCirculationImageView */,
				A9C92CE01DB5C0AE00034DA5 /* ZLCWebView */,
				A935496C1DAFA8610077E85C /* ADScrollView.h */,
				A935496D1DAFA8610077E85C /* ADScrollView.m */,
				A93549721DB0780A0077E85C /* InformationCell.h */,
				A93549731DB0780A0077E85C /* InformationCell.m */,
				A93549741DB0780A0077E85C /* InformationCell.xib */,
			);
			name = HomeView;
			path = Home;
			sourceTree = "<group>";
		};
		A935497F1DB0A5920077E85C /* Manager */ = {
			isa = PBXGroup;
			children = (
				A93549801DB0A5920077E85C /* UserManager.h */,
				A93549811DB0A5920077E85C /* UserManager.m */,
				A9C92D111DB6277A00034DA5 /* HomeAdManager.h */,
				A9C92D121DB6277A00034DA5 /* HomeAdManager.m */,
				A5A01E911DB73FD4006C64E0 /* DoctorManager.h */,
				A5A01E921DB73FD4006C64E0 /* DoctorManager.m */,
				A5A01EA41DB86945006C64E0 /* ReportManager.h */,
				A5A01EA51DB86945006C64E0 /* ReportManager.m */,
			);
			path = Manager;
			sourceTree = "<group>";
		};
		A9388DA61DBB0CD000210224 /* UserCell */ = {
			isa = PBXGroup;
			children = (
				A9388DA71DBB0CD000210224 /* UserTextCell.h */,
				A9388DA81DBB0CD000210224 /* UserTextCell.m */,
				A9388DA91DBB0CD000210224 /* UserTextCell.xib */,
				A9388DB21DBB0D2500210224 /* UserReportCell.h */,
				A9388DB31DBB0D2500210224 /* UserReportCell.m */,
				A9388DB41DBB0D2500210224 /* UserReportCell.xib */,
			);
			path = UserCell;
			sourceTree = "<group>";
		};
		A9388DAC1DBB0CD700210224 /* DoctorCell */ = {
			isa = PBXGroup;
			children = (
				A9388DAD1DBB0CD700210224 /* DoctorReplyCell.h */,
				A9388DAE1DBB0CD700210224 /* DoctorReplyCell.m */,
				A9388DAF1DBB0CD700210224 /* DoctorReplyCell.xib */,
			);
			name = DoctorCell;
			path = doctorCell;
			sourceTree = "<group>";
		};
		A9388DB71DBB40B900210224 /* ReportVC */ = {
			isa = PBXGroup;
			children = (
				A9388DC11DBB40B900210224 /* ReportListViewController.h */,
				A9388DC21DBB40B900210224 /* ReportListViewController.m */,
				A9388DB81DBB40B900210224 /* AddReportViewController.h */,
				A9388DB91DBB40B900210224 /* AddReportViewController.m */,
				A9388DBA1DBB40B900210224 /* AddReportViewController.xib */,
				A9388DC31DBB40B900210224 /* ReportViewController.h */,
				A9388DC41DBB40B900210224 /* ReportViewController.m */,
				A9388DBF1DBB40B900210224 /* ReportExceptionsViewController.h */,
				A9388DC01DBB40B900210224 /* ReportExceptionsViewController.m */,
				A9388DBD1DBB40B900210224 /* ReportDetailViewController.h */,
				A9388DBE1DBB40B900210224 /* ReportDetailViewController.m */,
				A9388DBB1DBB40B900210224 /* ReportAnalyViewController.h */,
				A9388DBC1DBB40B900210224 /* ReportAnalyViewController.m */,
			);
			path = ReportVC;
			sourceTree = "<group>";
		};
		A93C60C61DB4CD970024180F /* Consult */ = {
			isa = PBXGroup;
			children = (
				A93C60CA1DB4CD970024180F /* ConsultViewController.h */,
				A93C60CB1DB4CD970024180F /* ConsultViewController.m */,
				A92F20251DB9F196002BFB0E /* ConsultDetailViewController.h */,
				A92F20261DB9F196002BFB0E /* ConsultDetailViewController.m */,
				A92F20271DB9F196002BFB0E /* ConsultDetailViewController.xib */,
				A9C92D2A1DB718DE00034DA5 /* CommentViewController.h */,
				A9C92D2B1DB718DE00034DA5 /* CommentViewController.m */,
				A9C92D2C1DB718DE00034DA5 /* CommentViewController.xib */,
			);
			path = Consult;
			sourceTree = "<group>";
		};
		A9411B231DAA3DA200B69967 /* Application */ = {
			isa = PBXGroup;
			children = (
				A9411B241DAA3DB800B69967 /* AppDelegate.h */,
				A9411B251DAA3DB800B69967 /* AppDelegate.m */,
			);
			path = Application;
			sourceTree = "<group>";
		};
		A9411B271DAA3E6900B69967 /* Controllers */ = {
			isa = PBXGroup;
			children = (
				A9388DB71DBB40B900210224 /* ReportVC */,
				A93548FF1DAF14CF0077E85C /* Main */,
				A93548F91DAF140C0077E85C /* Login */,
				A93549091DAF18C60077E85C /* Home */,
				A93C60C61DB4CD970024180F /* Consult */,
				A935490B1DAF18CF0077E85C /* Personal Center */,
			);
			path = Controllers;
			sourceTree = "<group>";
		};
		A9411B291DAA3E7B00B69967 /* Views */ = {
			isa = PBXGroup;
			children = (
				A9C92D2F1DB71AAB00034DA5 /* HYBStarEvaluationView */,
				A9C92CE41DB5D55000034DA5 /* CommonView */,
				A9610D741DB491100062CE93 /* ConsulationView */,
				A9DB5A821DB0E930000BEDF4 /* HZRecognizer */,
				A935496B1DAFA8430077E85C /* HomeView */,
				A93549571DAF86260077E85C /* PersonalView */,
			);
			path = Views;
			sourceTree = "<group>";
		};
		A9411B2A1DAA3F8200B69967 /* Categories */ = {
			isa = PBXGroup;
			children = (
				A9C92CF31DB5ED9500034DA5 /* WZLBadge */,
				A935496F1DAFAA040077E85C /* NSTimer+Addition.h */,
				A93549701DAFAA040077E85C /* NSTimer+Addition.m */,
				A935491E1DAF2B320077E85C /* UIButton+countDown.h */,
				A935491F1DAF2B320077E85C /* UIButton+countDown.m */,
				A935491B1DAF2A7F0077E85C /* UIView+Utils.h */,
				A935491C1DAF2A7F0077E85C /* UIView+Utils.m */,
				A93549181DAF1DF40077E85C /* UIColor+Utils.h */,
				A93549191DAF1DF40077E85C /* UIColor+Utils.m */,
				A5C66BDC1DAD40240049B275 /* NSString+Util.h */,
				A5C66BDD1DAD40240049B275 /* NSString+Util.m */,
				A5C66BDF1DAD40980049B275 /* NSData+Util.h */,
				A5C66BE01DAD40980049B275 /* NSData+Util.m */,
				A93548EE1DAE50450077E85C /* NSArray+Util.h */,
				A93548EF1DAE50450077E85C /* NSArray+Util.m */,
				A9610D461DB109D60062CE93 /* ZSType.h */,
				A9610D471DB109D60062CE93 /* ZSType.m */,
			);
			path = Categories;
			sourceTree = "<group>";
		};
		A9411B2B1DAA3F8E00B69967 /* Utils */ = {
			isa = PBXGroup;
			children = (
				A9388DCC1DBB522300210224 /* MBProgressHUD.h */,
				A9388DCD1DBB522300210224 /* MBProgressHUD.m */,
				A9C92D1D1DB7069600034DA5 /* AFNetworkingProxy.h */,
				A9C92D1E1DB7069600034DA5 /* AFNetworkingProxy.m */,
				A9C92D1F1DB7069600034DA5 /* CommonUtil.h */,
				A9C92D201DB7069600034DA5 /* CommonUtil.m */,
				A9C92D211DB7069600034DA5 /* HttpBatchRequestHelper.h */,
				A9C92D221DB7069600034DA5 /* HttpBatchRequestHelper.m */,
				A9C92D231DB7069600034DA5 /* HttpHelper.h */,
				A9C92D241DB7069600034DA5 /* HttpHelper.m */,
			);
			path = Utils;
			sourceTree = "<group>";
		};
		A9411B2C1DAA409500B69967 /* Frameworks */ = {
			isa = PBXGroup;
			children = (
				A935499C1DB0B2E70077E85C /* CoreGraphics.framework */,
				A935499A1DB0B2DE0077E85C /* QuartzCore.framework */,
				A93549981DB0B2D40077E85C /* AddressBook.framework */,
				A93549961DB0B2BB0077E85C /* CoreLocation.framework */,
				A93549941DB0B2B30077E85C /* UIKit.framework */,
				A93549921DB0B2AC0077E85C /* AudioToolbox.framework */,
				A93549901DB0B2A00077E85C /* CoreTelephony.framework */,
				A935498E1DB0B2940077E85C /* Foundation.framework */,
				A935498C1DB0B2880077E85C /* SystemConfiguration.framework */,
				A935498A1DB0B2730077E85C /* AVFoundation.framework */,
				A93549881DB0B26A0077E85C /* libz.tbd */,
				A93549861DB0B21E0077E85C /* iflyMSC.framework */,
				22204DB0422D3F1446E34FFB /* libPods-PlamExam.a */,
			);
			name = Frameworks;
			sourceTree = "<group>";
		};
		A9610D741DB491100062CE93 /* ConsulationView */ = {
			isa = PBXGroup;
			children = (
				A9388DAC1DBB0CD700210224 /* DoctorCell */,
				A9388DA61DBB0CD000210224 /* UserCell */,
				A9610D751DB491100062CE93 /* DoctorInfoView.h */,
				A9610D761DB491100062CE93 /* DoctorInfoView.m */,
				A9610D781DB491270062CE93 /* DoctorInfoView.xib */,
			);
			path = ConsulationView;
			sourceTree = "<group>";
		};
		A99C3CCD1DB8B655002FE8A3 /* ReportView */ = {
			isa = PBXGroup;
			children = (
				A99C3CCE1DB8B65F002FE8A3 /* ReportView.h */,
				A99C3CCF1DB8B65F002FE8A3 /* ReportView.m */,
				A99C3CD11DB8B7A2002FE8A3 /* HZSliderView.h */,
				A99C3CD21DB8B7A2002FE8A3 /* HZSliderView.m */,
				A92F201B1DB9A6CE002BFB0E /* ReportListCell.h */,
				A92F201C1DB9A6CE002BFB0E /* ReportListCell.m */,
				A92F201D1DB9A6CE002BFB0E /* ReportListCell.xib */,
				A99C3CD91DB8C486002FE8A3 /* ReportItemCell.h */,
				A99C3CDA1DB8C486002FE8A3 /* ReportItemCell.m */,
				A99C3CDB1DB8C486002FE8A3 /* ReportItemCell.xib */,
				A92F20201DB9CAAA002BFB0E /* SummaryFormatCell.h */,
				A92F20211DB9CAAA002BFB0E /* SummaryFormatCell.m */,
				A92F20221DB9CAAA002BFB0E /* SummaryFormatCell.xib */,
				A9388DA11DBA367C00210224 /* AnalyCell.h */,
				A9388DA21DBA367C00210224 /* AnalyCell.m */,
				A9388DA31DBA367C00210224 /* AnalyCell.xib */,
			);
			path = ReportView;
			sourceTree = "<group>";
		};
		A9BBAD521DAA336000BAF4D1 = {
			isa = PBXGroup;
			children = (
				A9BBAD5D1DAA336000BAF4D1 /* PlamExam */,
				A9BBAD5C1DAA336000BAF4D1 /* Products */,
				A9411B2C1DAA409500B69967 /* Frameworks */,
				C0BA741FCF30D1D01E636D4E /* Pods */,
			);
			sourceTree = "<group>";
		};
		A9BBAD5C1DAA336000BAF4D1 /* Products */ = {
			isa = PBXGroup;
			children = (
				A9BBAD5B1DAA336000BAF4D1 /* PlamExam.app */,
			);
			name = Products;
			sourceTree = "<group>";
		};
		A9BBAD5D1DAA336000BAF4D1 /* PlamExam */ = {
			isa = PBXGroup;
			children = (
				A9411B231DAA3DA200B69967 /* Application */,
				A935489F1DAB95E10077E85C /* Domains */,
				A93548B01DAB973B0077E85C /* Models */,
				A9411B291DAA3E7B00B69967 /* Views */,
				A9411B271DAA3E6900B69967 /* Controllers */,
				A9411B2B1DAA3F8E00B69967 /* Utils */,
				A935497F1DB0A5920077E85C /* Manager */,
				A9411B2A1DAA3F8200B69967 /* Categories */,
				A9BBAD5E1DAA336000BAF4D1 /* Supporting Files */,
			);
			path = PlamExam;
			sourceTree = "<group>";
		};
		A9BBAD5E1DAA336000BAF4D1 /* Supporting Files */ = {
			isa = PBXGroup;
			children = (
				A9C92D291DB706E800034DA5 /* PlamExam-Prefix.pch */,
				A942CEB41DAB44140049805A /* Foundation+Log.m */,
				A9BBAD6A1DAA336000BAF4D1 /* Images.xcassets */,
				A9BBAD6C1DAA336000BAF4D1 /* LaunchScreen.storyboard */,
				A9BBAD6F1DAA336000BAF4D1 /* Info.plist */,
				A9BBAD5F1DAA336000BAF4D1 /* main.m */,
			);
			name = "Supporting Files";
			sourceTree = "<group>";
		};
		A9C92CE01DB5C0AE00034DA5 /* ZLCWebView */ = {
			isa = PBXGroup;
			children = (
				A9C92CE11DB5C0AE00034DA5 /* ZLCWebView.h */,
				A9C92CE21DB5C0AE00034DA5 /* ZLCWebView.m */,
			);
			path = ZLCWebView;
			sourceTree = "<group>";
		};
		A9C92CE41DB5D55000034DA5 /* CommonView */ = {
			isa = PBXGroup;
			children = (
				A9C92CE51DB5D5E000034DA5 /* HZBadgeView.h */,
				A9C92CE61DB5D5E000034DA5 /* HZBadgeView.m */,
			);
			path = CommonView;
			sourceTree = "<group>";
		};
		A9C92CF31DB5ED9500034DA5 /* WZLBadge */ = {
			isa = PBXGroup;
			children = (
				A9C92CF41DB5ED9500034DA5 /* BarItem */,
				A9C92CF91DB5ED9500034DA5 /* CategorySupport */,
				A9C92CFC1DB5ED9500034DA5 /* Protocol */,
				A9C92CFE1DB5ED9500034DA5 /* View */,
				A9C92D011DB5ED9500034DA5 /* WZLBadgeImport.h */,
			);
			path = WZLBadge;
			sourceTree = "<group>";
		};
		A9C92CF41DB5ED9500034DA5 /* BarItem */ = {
			isa = PBXGroup;
			children = (
				A9C92CF51DB5ED9500034DA5 /* UIBarButtonItem+WZLBadge.h */,
				A9C92CF61DB5ED9500034DA5 /* UIBarButtonItem+WZLBadge.m */,
				A9C92CF71DB5ED9500034DA5 /* UITabBarItem+WZLBadge.h */,
				A9C92CF81DB5ED9500034DA5 /* UITabBarItem+WZLBadge.m */,
			);
			path = BarItem;
			sourceTree = "<group>";
		};
		A9C92CF91DB5ED9500034DA5 /* CategorySupport */ = {
			isa = PBXGroup;
			children = (
				A9C92CFA1DB5ED9500034DA5 /* CAAnimation+WAnimation.h */,
				A9C92CFB1DB5ED9500034DA5 /* CAAnimation+WAnimation.m */,
			);
			path = CategorySupport;
			sourceTree = "<group>";
		};
		A9C92CFC1DB5ED9500034DA5 /* Protocol */ = {
			isa = PBXGroup;
			children = (
				A9C92CFD1DB5ED9500034DA5 /* WZLBadgeProtocol.h */,
			);
			path = Protocol;
			sourceTree = "<group>";
		};
		A9C92CFE1DB5ED9500034DA5 /* View */ = {
			isa = PBXGroup;
			children = (
				A9C92CFF1DB5ED9500034DA5 /* UIView+WZLBadge.h */,
				A9C92D001DB5ED9500034DA5 /* UIView+WZLBadge.m */,
			);
			path = View;
			sourceTree = "<group>";
		};
		A9C92D061DB6023100034DA5 /* Home */ = {
			isa = PBXGroup;
			children = (
				A9C92D3A1DB7974600034DA5 /* HomeModel.h */,
				A9C92D3B1DB7974600034DA5 /* HomeModel.m */,
			);
			path = Home;
			sourceTree = "<group>";
		};
		A9C92D0D1DB6114700034DA5 /* SZCirculationImageView */ = {
			isa = PBXGroup;
			children = (
				A9C92D0E1DB6114700034DA5 /* SZCirculationImageView.h */,
				A9C92D0F1DB6114700034DA5 /* SZCirculationImageView.m */,
			);
			path = SZCirculationImageView;
			sourceTree = "<group>";
		};
		A9C92D2F1DB71AAB00034DA5 /* HYBStarEvaluationView */ = {
			isa = PBXGroup;
			children = (
				A9C92D301DB71AAB00034DA5 /* HYBStarEvaluationView.h */,
				A9C92D311DB71AAB00034DA5 /* HYBStarEvaluationView.m */,
				A9C92D321DB71AAB00034DA5 /* star_gray.png */,
				A9C92D331DB71AAB00034DA5 /* star_yellow.png */,
			);
			path = HYBStarEvaluationView;
			sourceTree = "<group>";
		};
		A9DB5A821DB0E930000BEDF4 /* HZRecognizer */ = {
			isa = PBXGroup;
			children = (
				A9DB5A831DB0E930000BEDF4 /* edit_voiceinput@2x.png */,
				A9DB5A841DB0E930000BEDF4 /* edit_voiceinput@3x.png */,
				A9DB5A851DB0E930000BEDF4 /* GFWaterView.h */,
				A9DB5A861DB0E930000BEDF4 /* GFWaterView.m */,
				A9DB5A871DB0E930000BEDF4 /* HZRecognizer.h */,
				A9DB5A881DB0E930000BEDF4 /* HZRecognizer.m */,
				A9DB5A891DB0E930000BEDF4 /* HZRecognizerView.h */,
				A9DB5A8A1DB0E930000BEDF4 /* HZRecognizerView.m */,
			);
			path = HZRecognizer;
			sourceTree = "<group>";
		};
		C0BA741FCF30D1D01E636D4E /* Pods */ = {
			isa = PBXGroup;
			children = (
				FAD7AE538DED5CCD686F6757 /* Pods-PlamExam.debug.xcconfig */,
				45A42BDB1C47DC7D62247F14 /* Pods-PlamExam.release.xcconfig */,
			);
			name = Pods;
			sourceTree = "<group>";
		};
/* End PBXGroup section */

/* Begin PBXNativeTarget section */
		A9BBAD5A1DAA336000BAF4D1 /* PlamExam */ = {
			isa = PBXNativeTarget;
			buildConfigurationList = A9BBAD721DAA336000BAF4D1 /* Build configuration list for PBXNativeTarget "PlamExam" */;
			buildPhases = (
				BBBA77826330F7FD448CBDA4 /* [CP] Check Pods Manifest.lock */,
				A9BBAD571DAA336000BAF4D1 /* Sources */,
				A9BBAD581DAA336000BAF4D1 /* Frameworks */,
				A9BBAD591DAA336000BAF4D1 /* Resources */,
				4306A6D2B486EF9C6284BC79 /* [CP] Embed Pods Frameworks */,
				133B1087669CD82C5E477FD9 /* [CP] Copy Pods Resources */,
				1E58E4B4AAE4E5EEF426E528 /* Embed Pods Frameworks */,
			);
			buildRules = (
			);
			dependencies = (
			);
			name = PlamExam;
			productName = PlamExam;
			productReference = A9BBAD5B1DAA336000BAF4D1 /* PlamExam.app */;
			productType = "com.apple.product-type.application";
		};
/* End PBXNativeTarget section */

/* Begin PBXProject section */
		A9BBAD531DAA336000BAF4D1 /* Project object */ = {
			isa = PBXProject;
			attributes = {
				LastUpgradeCheck = 0800;
				ORGANIZATIONNAME = guokai;
				TargetAttributes = {
					A9BBAD5A1DAA336000BAF4D1 = {
						CreatedOnToolsVersion = 8.0;
						DevelopmentTeam = T5NFTEJZU4;
						ProvisioningStyle = Automatic;
					};
				};
			};
			buildConfigurationList = A9BBAD561DAA336000BAF4D1 /* Build configuration list for PBXProject "PlamExam" */;
			compatibilityVersion = "Xcode 3.2";
			developmentRegion = English;
			hasScannedForEncodings = 0;
			knownRegions = (
				en,
				Base,
			);
			mainGroup = A9BBAD521DAA336000BAF4D1;
			productRefGroup = A9BBAD5C1DAA336000BAF4D1 /* Products */;
			projectDirPath = "";
			projectRoot = "";
			targets = (
				A9BBAD5A1DAA336000BAF4D1 /* PlamExam */,
			);
		};
/* End PBXProject section */

/* Begin PBXResourcesBuildPhase section */
		A9BBAD591DAA336000BAF4D1 /* Resources */ = {
			isa = PBXResourcesBuildPhase;
			buildActionMask = 2147483647;
			files = (
				A92F201F1DB9A6CE002BFB0E /* ReportListCell.xib in Resources */,
				A9C92D2E1DB718DE00034DA5 /* CommentViewController.xib in Resources */,
				A99C3CDD1DB8C486002FE8A3 /* ReportItemCell.xib in Resources */,
				A9388DC61DBB40B900210224 /* AddReportViewController.xib in Resources */,
				A93549761DB0780A0077E85C /* InformationCell.xib in Resources */,
				A9BBAD6E1DAA336000BAF4D1 /* LaunchScreen.storyboard in Resources */,
				A9BBAD6B1DAA336000BAF4D1 /* Images.xcassets in Resources */,
				A935496A1DAF9D340077E85C /* IconCell.xib in Resources */,
				A9388DB61DBB0D2500210224 /* UserReportCell.xib in Resources */,
				A9C92D361DB71AAB00034DA5 /* star_yellow.png in Resources */,
				A9C92D351DB71AAB00034DA5 /* star_gray.png in Resources */,
				A9610D791DB491270062CE93 /* DoctorInfoView.xib in Resources */,
				A935492A1DAF37890077E85C /* LoginViewController.xib in Resources */,
				A92F20291DB9F196002BFB0E /* ConsultDetailViewController.xib in Resources */,
				A9388DAB1DBB0CD000210224 /* UserTextCell.xib in Resources */,
				A9DB5A8B1DB0E930000BEDF4 /* edit_voiceinput@2x.png in Resources */,
				A9388DB11DBB0CD700210224 /* DoctorReplyCell.xib in Resources */,
				A9388DA51DBA367C00210224 /* AnalyCell.xib in Resources */,
				A935495C1DAF866D0077E85C /* HeaderView.xib in Resources */,
				A92F20241DB9CAAA002BFB0E /* SummaryFormatCell.xib in Resources */,
				A9DB5A8C1DB0E930000BEDF4 /* edit_voiceinput@3x.png in Resources */,
			);
			runOnlyForDeploymentPostprocessing = 0;
		};
/* End PBXResourcesBuildPhase section */

/* Begin PBXShellScriptBuildPhase section */
		133B1087669CD82C5E477FD9 /* [CP] Copy Pods Resources */ = {
			isa = PBXShellScriptBuildPhase;
			buildActionMask = 2147483647;
			files = (
			);
			inputPaths = (
			);
			name = "[CP] Copy Pods Resources";
			outputPaths = (
			);
			runOnlyForDeploymentPostprocessing = 0;
			shellPath = /bin/sh;
			shellScript = "\"${SRCROOT}/Pods/Target Support Files/Pods-PlamExam/Pods-PlamExam-resources.sh\"\n";
			showEnvVarsInLog = 0;
		};
		1E58E4B4AAE4E5EEF426E528 /* Embed Pods Frameworks */ = {
			isa = PBXShellScriptBuildPhase;
			buildActionMask = 2147483647;
			files = (
			);
			inputPaths = (
			);
			name = "Embed Pods Frameworks";
			outputPaths = (
			);
			runOnlyForDeploymentPostprocessing = 0;
			shellPath = /bin/sh;
			shellScript = "\"${SRCROOT}/Pods/Target Support Files/Pods-PlamExam/Pods-PlamExam-frameworks.sh\"\n";
			showEnvVarsInLog = 0;
		};
		4306A6D2B486EF9C6284BC79 /* [CP] Embed Pods Frameworks */ = {
			isa = PBXShellScriptBuildPhase;
			buildActionMask = 2147483647;
			files = (
			);
			inputPaths = (
			);
			name = "[CP] Embed Pods Frameworks";
			outputPaths = (
			);
			runOnlyForDeploymentPostprocessing = 0;
			shellPath = /bin/sh;
			shellScript = "\"${SRCROOT}/Pods/Target Support Files/Pods-PlamExam/Pods-PlamExam-frameworks.sh\"\n";
			showEnvVarsInLog = 0;
		};
		BBBA77826330F7FD448CBDA4 /* [CP] Check Pods Manifest.lock */ = {
			isa = PBXShellScriptBuildPhase;
			buildActionMask = 2147483647;
			files = (
			);
			inputPaths = (
			);
			name = "[CP] Check Pods Manifest.lock";
			outputPaths = (
			);
			runOnlyForDeploymentPostprocessing = 0;
			shellPath = /bin/sh;
			shellScript = "diff \"${PODS_ROOT}/../Podfile.lock\" \"${PODS_ROOT}/Manifest.lock\" > /dev/null\nif [[ $? != 0 ]] ; then\n    cat << EOM\nerror: The sandbox is not in sync with the Podfile.lock. Run 'pod install' or update your CocoaPods installation.\nEOM\n    exit 1\nfi\n";
			showEnvVarsInLog = 0;
		};
/* End PBXShellScriptBuildPhase section */

/* Begin PBXSourcesBuildPhase section */
		A9BBAD571DAA336000BAF4D1 /* Sources */ = {
			isa = PBXSourcesBuildPhase;
			buildActionMask = 2147483647;
			files = (
				A5A01EAF1DB8AF31006C64E0 /* NewsModel.m in Sources */,
				A9C92CDC1DB4F05200034DA5 /* ChatData.m in Sources */,
				A9388DB01DBB0CD700210224 /* DoctorReplyCell.m in Sources */,
				A93549291DAF37890077E85C /* LoginViewController.m in Sources */,
				A93549821DB0A5920077E85C /* UserManager.m in Sources */,
				A93549691DAF9D340077E85C /* IconCell.m in Sources */,
				A93549171DAF1CEE0077E85C /* BaseViewController.m in Sources */,
				A93549051DAF15FF0077E85C /* HZTabBarController.m in Sources */,
				A92F20231DB9CAAA002BFB0E /* SummaryFormatCell.m in Sources */,
				A9C92CE71DB5D5E000034DA5 /* HZBadgeView.m in Sources */,
				A9C92D3C1DB7974600034DA5 /* HomeModel.m in Sources */,
				A93549751DB0780A0077E85C /* InformationCell.m in Sources */,
				A9388DC51DBB40B900210224 /* AddReportViewController.m in Sources */,
				A93C60CE1DB4CD970024180F /* ConsultViewController.m in Sources */,
				A93549651DAF8E320077E85C /* SampleRepportViewController.m in Sources */,
				A9388DCE1DBB522300210224 /* MBProgressHUD.m in Sources */,
				A9C92D1C1DB7065900034DA5 /* HttpRequestResult.m in Sources */,
				A9DB5A8F1DB0E930000BEDF4 /* HZRecognizerView.m in Sources */,
				A9C92CD91DB4EFA500034DA5 /* ChatModel.m in Sources */,
				A9C92D051DB5ED9500034DA5 /* UIView+WZLBadge.m in Sources */,
				A9411B261DAA3DB800B69967 /* AppDelegate.m in Sources */,
				A9C92CE31DB5C0AE00034DA5 /* ZLCWebView.m in Sources */,
				A99C3CD31DB8B7A2002FE8A3 /* HZSliderView.m in Sources */,
				A93549561DAF72140077E85C /* SettingCell.m in Sources */,
				A93549711DAFAA040077E85C /* NSTimer+Addition.m in Sources */,
				A9388DB51DBB0D2500210224 /* UserReportCell.m in Sources */,
				A9C92D131DB6277A00034DA5 /* HomeAdManager.m in Sources */,
				A935490E1DAF193D0077E85C /* HomeViewController.m in Sources */,
				A92F201E1DB9A6CE002BFB0E /* ReportListCell.m in Sources */,
				A935491A1DAF1DF40077E85C /* UIColor+Utils.m in Sources */,
				A9388DC81DBB40B900210224 /* ReportDetailViewController.m in Sources */,
				A9C92D1A1DB7065900034DA5 /* BatchRequestParam.m in Sources */,
				A99C3CDC1DB8C486002FE8A3 /* ReportItemCell.m in Sources */,
				A5C66BE11DAD40980049B275 /* NSData+Util.m in Sources */,
				A935495B1DAF866D0077E85C /* HeaderView.m in Sources */,
				A5A01EA91DB8A888006C64E0 /* NewsSimple.m in Sources */,
				A9DB5A731DB0DD70000BEDF4 /* User.m in Sources */,
				A93548F01DAE50450077E85C /* NSArray+Util.m in Sources */,
				A5A01E991DB79AF4006C64E0 /* ReportSimple.m in Sources */,
				A93549201DAF2B320077E85C /* UIButton+countDown.m in Sources */,
				A5A01EA61DB86945006C64E0 /* ReportManager.m in Sources */,
				A9388DAA1DBB0CD000210224 /* UserTextCell.m in Sources */,
				A935495F1DAF8DCD0077E85C /* UserInfoViewController.m in Sources */,
				A9C92D041DB5ED9500034DA5 /* CAAnimation+WAnimation.m in Sources */,
				A93549541DAF72140077E85C /* SwitchItem.m in Sources */,
				A9C92D341DB71AAB00034DA5 /* HYBStarEvaluationView.m in Sources */,
				A93549531DAF72140077E85C /* SettingItem.m in Sources */,
				A92F20281DB9F196002BFB0E /* ConsultDetailViewController.m in Sources */,
				A9BBAD601DAA336000BAF4D1 /* main.m in Sources */,
				A9DB5A8D1DB0E930000BEDF4 /* GFWaterView.m in Sources */,
				A93549501DAF72140077E85C /* GroupItem.m in Sources */,
				A5A01E9C1DB79BA4006C64E0 /* ReportModel.m in Sources */,
				A93549851DB0A8890077E85C /* UserModel.m in Sources */,
				A9388DCA1DBB40B900210224 /* ReportListViewController.m in Sources */,
				A9C92D281DB7069600034DA5 /* HttpHelper.m in Sources */,
				A9388DA41DBA367C00210224 /* AnalyCell.m in Sources */,
				A93549621DAF8E0E0077E85C /* SystemSettingViewController.m in Sources */,
				A9610D481DB109D60062CE93 /* ZSType.m in Sources */,
				A935496E1DAFA8610077E85C /* ADScrollView.m in Sources */,
				A935491D1DAF2A7F0077E85C /* UIView+Utils.m in Sources */,
				A9388DC91DBB40B900210224 /* ReportExceptionsViewController.m in Sources */,
				A9C92D031DB5ED9500034DA5 /* UITabBarItem+WZLBadge.m in Sources */,
				A93549081DAF163F0077E85C /* HZNavigationController.m in Sources */,
				A9C92D0C1DB6036600034DA5 /* AdScrollerViewData.m in Sources */,
				A9388DC71DBB40B900210224 /* ReportAnalyViewController.m in Sources */,
				A93C60E31DB4D3980024180F /* InformationViewController.m in Sources */,
				A99C3CD01DB8B65F002FE8A3 /* ReportView.m in Sources */,
				A9C92D101DB6114700034DA5 /* SZCirculationImageView.m in Sources */,
				A935494F1DAF72140077E85C /* ArrowItem.m in Sources */,
				A9C92D3F1DB797C500034DA5 /* Notice.m in Sources */,
				A9610D771DB491100062CE93 /* DoctorInfoView.m in Sources */,
				A9C92D2D1DB718DE00034DA5 /* CommentViewController.m in Sources */,
				A5A01EA31DB7A4AF006C64E0 /* ReportInfo.m in Sources */,
				A5A01E931DB73FD4006C64E0 /* DoctorManager.m in Sources */,
				A5C66BDE1DAD40240049B275 /* NSString+Util.m in Sources */,
				A9DB5A8E1DB0E930000BEDF4 /* HZRecognizer.m in Sources */,
				A9C92D021DB5ED9500034DA5 /* UIBarButtonItem+WZLBadge.m in Sources */,
				A9C92D271DB7069600034DA5 /* HttpBatchRequestHelper.m in Sources */,
				A5A01E9F1DB7A04E006C64E0 /* ReportBatch.m in Sources */,
				A935494E1DAF72140077E85C /* BaseSettingViewController.m in Sources */,
				A5A01EAC1DB8AC0C006C64E0 /* NewsInfo.m in Sources */,
				A9388DCB1DBB40B900210224 /* ReportViewController.m in Sources */,
				A93549521DAF72140077E85C /* LabelItem.m in Sources */,
				A9C92D1B1DB7065900034DA5 /* Doctor.m in Sources */,
				A93549141DAF19600077E85C /* PersonalViewController.m in Sources */,
				A9C92D261DB7069600034DA5 /* CommonUtil.m in Sources */,
				A942CEB51DAB44140049805A /* Foundation+Log.m in Sources */,
				A9C92D251DB7069600034DA5 /* AFNetworkingProxy.m in Sources */,
			);
			runOnlyForDeploymentPostprocessing = 0;
		};
/* End PBXSourcesBuildPhase section */

/* Begin PBXVariantGroup section */
		A9BBAD6C1DAA336000BAF4D1 /* LaunchScreen.storyboard */ = {
			isa = PBXVariantGroup;
			children = (
				A9BBAD6D1DAA336000BAF4D1 /* Base */,
			);
			name = LaunchScreen.storyboard;
			sourceTree = "<group>";
		};
/* End PBXVariantGroup section */

/* Begin XCBuildConfiguration section */
		A9BBAD701DAA336000BAF4D1 /* Debug */ = {
			isa = XCBuildConfiguration;
			buildSettings = {
				ALWAYS_SEARCH_USER_PATHS = NO;
				CLANG_ANALYZER_NONNULL = YES;
				CLANG_CXX_LANGUAGE_STANDARD = "gnu++0x";
				CLANG_CXX_LIBRARY = "libc++";
				CLANG_ENABLE_MODULES = YES;
				CLANG_ENABLE_OBJC_ARC = YES;
				CLANG_WARN_BOOL_CONVERSION = YES;
				CLANG_WARN_CONSTANT_CONVERSION = YES;
				CLANG_WARN_DIRECT_OBJC_ISA_USAGE = YES_ERROR;
				CLANG_WARN_DOCUMENTATION_COMMENTS = YES;
				CLANG_WARN_EMPTY_BODY = YES;
				CLANG_WARN_ENUM_CONVERSION = YES;
				CLANG_WARN_INFINITE_RECURSION = YES;
				CLANG_WARN_INT_CONVERSION = YES;
				CLANG_WARN_OBJC_ROOT_CLASS = YES_ERROR;
				CLANG_WARN_SUSPICIOUS_MOVES = YES;
				CLANG_WARN_UNREACHABLE_CODE = YES;
				CLANG_WARN__DUPLICATE_METHOD_MATCH = YES;
				"CODE_SIGN_IDENTITY[sdk=iphoneos*]" = "iPhone Developer";
				COPY_PHASE_STRIP = NO;
				DEBUG_INFORMATION_FORMAT = dwarf;
				ENABLE_STRICT_OBJC_MSGSEND = YES;
				ENABLE_TESTABILITY = YES;
				GCC_C_LANGUAGE_STANDARD = gnu99;
				GCC_DYNAMIC_NO_PIC = NO;
				GCC_NO_COMMON_BLOCKS = YES;
				GCC_OPTIMIZATION_LEVEL = 0;
				GCC_PREPROCESSOR_DEFINITIONS = (
					"DEBUG=1",
					"$(inherited)",
				);
				GCC_WARN_64_TO_32_BIT_CONVERSION = YES;
				GCC_WARN_ABOUT_RETURN_TYPE = YES_ERROR;
				GCC_WARN_UNDECLARED_SELECTOR = YES;
				GCC_WARN_UNINITIALIZED_AUTOS = YES_AGGRESSIVE;
				GCC_WARN_UNUSED_FUNCTION = YES;
				GCC_WARN_UNUSED_VARIABLE = YES;
				IPHONEOS_DEPLOYMENT_TARGET = 10.0;
				MTL_ENABLE_DEBUG_INFO = YES;
				ONLY_ACTIVE_ARCH = YES;
				SDKROOT = iphoneos;
				TARGETED_DEVICE_FAMILY = "1,2";
			};
			name = Debug;
		};
		A9BBAD711DAA336000BAF4D1 /* Release */ = {
			isa = XCBuildConfiguration;
			buildSettings = {
				ALWAYS_SEARCH_USER_PATHS = NO;
				CLANG_ANALYZER_NONNULL = YES;
				CLANG_CXX_LANGUAGE_STANDARD = "gnu++0x";
				CLANG_CXX_LIBRARY = "libc++";
				CLANG_ENABLE_MODULES = YES;
				CLANG_ENABLE_OBJC_ARC = YES;
				CLANG_WARN_BOOL_CONVERSION = YES;
				CLANG_WARN_CONSTANT_CONVERSION = YES;
				CLANG_WARN_DIRECT_OBJC_ISA_USAGE = YES_ERROR;
				CLANG_WARN_DOCUMENTATION_COMMENTS = YES;
				CLANG_WARN_EMPTY_BODY = YES;
				CLANG_WARN_ENUM_CONVERSION = YES;
				CLANG_WARN_INFINITE_RECURSION = YES;
				CLANG_WARN_INT_CONVERSION = YES;
				CLANG_WARN_OBJC_ROOT_CLASS = YES_ERROR;
				CLANG_WARN_SUSPICIOUS_MOVES = YES;
				CLANG_WARN_UNREACHABLE_CODE = YES;
				CLANG_WARN__DUPLICATE_METHOD_MATCH = YES;
				"CODE_SIGN_IDENTITY[sdk=iphoneos*]" = "iPhone Developer";
				COPY_PHASE_STRIP = NO;
				DEBUG_INFORMATION_FORMAT = "dwarf-with-dsym";
				ENABLE_NS_ASSERTIONS = NO;
				ENABLE_STRICT_OBJC_MSGSEND = YES;
				GCC_C_LANGUAGE_STANDARD = gnu99;
				GCC_NO_COMMON_BLOCKS = YES;
				GCC_WARN_64_TO_32_BIT_CONVERSION = YES;
				GCC_WARN_ABOUT_RETURN_TYPE = YES_ERROR;
				GCC_WARN_UNDECLARED_SELECTOR = YES;
				GCC_WARN_UNINITIALIZED_AUTOS = YES_AGGRESSIVE;
				GCC_WARN_UNUSED_FUNCTION = YES;
				GCC_WARN_UNUSED_VARIABLE = YES;
				IPHONEOS_DEPLOYMENT_TARGET = 10.0;
				MTL_ENABLE_DEBUG_INFO = NO;
				SDKROOT = iphoneos;
				TARGETED_DEVICE_FAMILY = "1,2";
				VALIDATE_PRODUCT = YES;
			};
			name = Release;
		};
		A9BBAD731DAA336000BAF4D1 /* Debug */ = {
			isa = XCBuildConfiguration;
			baseConfigurationReference = FAD7AE538DED5CCD686F6757 /* Pods-PlamExam.debug.xcconfig */;
			buildSettings = {
				ASSETCATALOG_COMPILER_APPICON_NAME = AppIcon;
				DEVELOPMENT_TEAM = T5NFTEJZU4;
				ENABLE_BITCODE = NO;
				FRAMEWORK_SEARCH_PATHS = (
					"$(inherited)",
					"$(PROJECT_DIR)",
				);
				GCC_PREFIX_HEADER = "$(SRCROOT)/PlamExam/PlamExam-Prefix.pch";
				INFOPLIST_FILE = PlamExam/Info.plist;
				IPHONEOS_DEPLOYMENT_TARGET = 8.0;
				LD_RUNPATH_SEARCH_PATHS = "$(inherited) @executable_path/Frameworks";
				PRODUCT_BUNDLE_IDENTIFIER = com.ihaozuo.plamExam;
				PRODUCT_NAME = "$(TARGET_NAME)";
			};
			name = Debug;
		};
		A9BBAD741DAA336000BAF4D1 /* Release */ = {
			isa = XCBuildConfiguration;
			baseConfigurationReference = 45A42BDB1C47DC7D62247F14 /* Pods-PlamExam.release.xcconfig */;
			buildSettings = {
				ASSETCATALOG_COMPILER_APPICON_NAME = AppIcon;
				DEVELOPMENT_TEAM = T5NFTEJZU4;
				ENABLE_BITCODE = NO;
				FRAMEWORK_SEARCH_PATHS = (
					"$(inherited)",
					"$(PROJECT_DIR)",
				);
				GCC_PREFIX_HEADER = "$(SRCROOT)/PlamExam/PlamExam-Prefix.pch";
				INFOPLIST_FILE = PlamExam/Info.plist;
				IPHONEOS_DEPLOYMENT_TARGET = 8.0;
				LD_RUNPATH_SEARCH_PATHS = "$(inherited) @executable_path/Frameworks";
				PRODUCT_BUNDLE_IDENTIFIER = com.ihaozuo.plamExam;
				PRODUCT_NAME = "$(TARGET_NAME)";
			};
			name = Release;
		};
/* End XCBuildConfiguration section */

/* Begin XCConfigurationList section */
		A9BBAD561DAA336000BAF4D1 /* Build configuration list for PBXProject "PlamExam" */ = {
			isa = XCConfigurationList;
			buildConfigurations = (
				A9BBAD701DAA336000BAF4D1 /* Debug */,
				A9BBAD711DAA336000BAF4D1 /* Release */,
			);
			defaultConfigurationIsVisible = 0;
			defaultConfigurationName = Release;
		};
		A9BBAD721DAA336000BAF4D1 /* Build configuration list for PBXNativeTarget "PlamExam" */ = {
			isa = XCConfigurationList;
			buildConfigurations = (
				A9BBAD731DAA336000BAF4D1 /* Debug */,
				A9BBAD741DAA336000BAF4D1 /* Release */,
			);
			defaultConfigurationIsVisible = 0;
			defaultConfigurationName = Release;
		};
/* End XCConfigurationList section */
	};
	rootObject = A9BBAD531DAA336000BAF4D1 /* Project object */;
}
